{
    "name": "csv-to-pouch",
    "version": "4.0.0",
    "lockfileVersion": 1,
    "requires": true,
    "dependencies": {
        "@rollup/plugin-node-resolve": {
            "version": "11.0.0",
            "resolved": "https://registry.npmjs.org/@rollup/plugin-node-resolve/-/plugin-node-resolve-11.0.0.tgz",
            "integrity": "sha512-8Hrmwjn1pLYjUxcv7U7IPP0qfnzEJWHyHE6CaZ8jbLM+8axaarJRB1jB6JgKTDp5gNga+TpsgX6F8iuvgOerKQ==",
            "dev": true,
            "requires": {
                "@rollup/pluginutils": "^3.1.0",
                "@types/resolve": "1.17.1",
                "builtin-modules": "^3.1.0",
                "deepmerge": "^4.2.2",
                "is-module": "^1.0.0",
                "resolve": "^1.19.0"
            },
            "dependencies": {
                "builtin-modules": {
                    "version": "3.1.0",
                    "resolved": "https://registry.npmjs.org/builtin-modules/-/builtin-modules-3.1.0.tgz",
                    "integrity": "sha512-k0KL0aWZuBt2lrxrcASWDfwOLMnodeQjodT/1SxEQAXsHANgo6ZC/VEaSEHCXt7aSTZ4/4H5LKa+tBXmW7Vtvw==",
                    "dev": true
                }
            }
        },
        "@rollup/pluginutils": {
            "version": "3.1.0",
            "resolved": "https://registry.npmjs.org/@rollup/pluginutils/-/pluginutils-3.1.0.tgz",
            "integrity": "sha512-GksZ6pr6TpIjHm8h9lSQ8pi8BE9VeubNT0OMJ3B5uZJ8pz73NPiqOtCog/x2/QzM1ENChPKxMDhiQuRHsqc+lg==",
            "dev": true,
            "requires": {
                "@types/estree": "0.0.39",
                "estree-walker": "^1.0.1",
                "picomatch": "^2.2.2"
            }
        },
        "@types/debug": {
            "version": "4.1.5",
            "resolved": "https://registry.npmjs.org/@types/debug/-/debug-4.1.5.tgz",
            "integrity": "sha512-Q1y515GcOdTHgagaVFhHnIFQ38ygs/kmxdNpvpou+raI9UO3YZcHDngBSYKQklcKlvA7iuQlmIKbzvmxcOE9CQ==",
            "dev": true
        },
        "@types/estree": {
            "version": "0.0.39",
            "resolved": "https://registry.npmjs.org/@types/estree/-/estree-0.0.39.tgz",
            "integrity": "sha512-EYNwp3bU+98cpU4lAWYYL7Zz+2gryWH1qbdDTidVd6hkiR6weksdbMadyXKXNPEkQFhXM+hVO9ZygomHXp+AIw==",
            "dev": true
        },
        "@types/node": {
            "version": "14.14.11",
            "resolved": "https://registry.npmjs.org/@types/node/-/node-14.14.11.tgz",
            "integrity": "sha512-BJ97wAUuU3NUiUCp44xzUFquQEvnk1wu7q4CMEUYKJWjdkr0YWYDsm4RFtAvxYsNjLsKcrFt6RvK8r+mnzMbEQ==",
            "dev": true
        },
        "@types/node-fetch": {
            "version": "2.5.7",
            "resolved": "https://registry.npmjs.org/@types/node-fetch/-/node-fetch-2.5.7.tgz",
            "integrity": "sha512-o2WVNf5UhWRkxlf6eq+jMZDu7kjgpgJfl4xVNlvryc95O/6F2ld8ztKX+qu+Rjyet93WAWm5LjeX9H5FGkODvw==",
            "dev": true,
            "requires": {
                "@types/node": "*",
                "form-data": "^3.0.0"
            }
        },
        "@types/pouchdb": {
            "version": "6.4.0",
            "resolved": "https://registry.npmjs.org/@types/pouchdb/-/pouchdb-6.4.0.tgz",
            "integrity": "sha512-eGCpX+NXhd5VLJuJMzwe3L79fa9+IDTrAG3CPaf4s/31PD56hOrhDJTSmRELSXuiqXr6+OHzzP0PldSaWsFt7w==",
            "dev": true,
            "requires": {
                "@types/pouchdb-adapter-cordova-sqlite": "*",
                "@types/pouchdb-adapter-fruitdown": "*",
                "@types/pouchdb-adapter-http": "*",
                "@types/pouchdb-adapter-idb": "*",
                "@types/pouchdb-adapter-leveldb": "*",
                "@types/pouchdb-adapter-localstorage": "*",
                "@types/pouchdb-adapter-memory": "*",
                "@types/pouchdb-adapter-node-websql": "*",
                "@types/pouchdb-adapter-websql": "*",
                "@types/pouchdb-browser": "*",
                "@types/pouchdb-core": "*",
                "@types/pouchdb-http": "*",
                "@types/pouchdb-mapreduce": "*",
                "@types/pouchdb-node": "*",
                "@types/pouchdb-replication": "*"
            }
        },
        "@types/pouchdb-adapter-cordova-sqlite": {
            "version": "1.0.0",
            "resolved": "https://registry.npmjs.org/@types/pouchdb-adapter-cordova-sqlite/-/pouchdb-adapter-cordova-sqlite-1.0.0.tgz",
            "integrity": "sha512-NsqpEYKunBS/BPvttlOVQ5Me6LdU6UYZB0Qak3XS/AvLeIRdF61MZ/czSuL/ozydYr6bikewt6dvlpCK1HWG9Q==",
            "dev": true,
            "requires": {
                "@types/pouchdb-core": "*"
            }
        },
        "@types/pouchdb-adapter-fruitdown": {
            "version": "6.1.3",
            "resolved": "https://registry.npmjs.org/@types/pouchdb-adapter-fruitdown/-/pouchdb-adapter-fruitdown-6.1.3.tgz",
            "integrity": "sha512-Wz1Z1JLOW1hgmFQjqnSkmyyfH7by/iWb4abKn684WMvQfmxx6BxKJpJ4+eulkVPQzzgMMSgU1MpnQOm9FgRkbw==",
            "dev": true,
            "requires": {
                "@types/pouchdb-core": "*"
            }
        },
        "@types/pouchdb-adapter-http": {
            "version": "6.1.3",
            "resolved": "https://registry.npmjs.org/@types/pouchdb-adapter-http/-/pouchdb-adapter-http-6.1.3.tgz",
            "integrity": "sha512-9Z4TLbF/KJWy/D2sWRPBA+RNU0odQimfdvlDX+EY7rGcd3aVoH8qjD/X0Xcd/0dfBH5pKrNIMFFQgW/TylRCmA==",
            "dev": true,
            "requires": {
                "@types/pouchdb-core": "*"
            }
        },
        "@types/pouchdb-adapter-idb": {
            "version": "6.1.3",
            "resolved": "https://registry.npmjs.org/@types/pouchdb-adapter-idb/-/pouchdb-adapter-idb-6.1.3.tgz",
            "integrity": "sha512-K4G9pmHkR2JyL8d6cllIEix2dtQFVIJyDcgoT7ctrbIyyhT4kRjieGc3O7tzIhm1bv7W2qz1aResO9lq7qjKVQ==",
            "dev": true,
            "requires": {
                "@types/pouchdb-core": "*"
            }
        },
        "@types/pouchdb-adapter-leveldb": {
            "version": "6.1.3",
            "resolved": "https://registry.npmjs.org/@types/pouchdb-adapter-leveldb/-/pouchdb-adapter-leveldb-6.1.3.tgz",
            "integrity": "sha512-ex8NFqQGFwEpFi7AaZ5YofmuemfZNsL3nTFZBUCAKYMBkazQij1pe2ILLStSvJr0XS0qxgXjCEW19T5Wqiiskg==",
            "dev": true,
            "requires": {
                "@types/pouchdb-core": "*"
            }
        },
        "@types/pouchdb-adapter-localstorage": {
            "version": "6.1.3",
            "resolved": "https://registry.npmjs.org/@types/pouchdb-adapter-localstorage/-/pouchdb-adapter-localstorage-6.1.3.tgz",
            "integrity": "sha512-oor040tye1KKiGLWYtIy7rRT7C2yoyX3Tf6elEJRpjOA7Ja/H8lKc4LaSh9ATbptIcES6MRqZDxtp7ly9hsW3Q==",
            "dev": true,
            "requires": {
                "@types/pouchdb-core": "*"
            }
        },
        "@types/pouchdb-adapter-memory": {
            "version": "6.1.3",
            "resolved": "https://registry.npmjs.org/@types/pouchdb-adapter-memory/-/pouchdb-adapter-memory-6.1.3.tgz",
            "integrity": "sha512-gVbsIMzDzgZYThFVT4eVNsmuZwVm/4jDxP1sjlgc3qtDIxbtBhGgyNfcskwwz9Zu5Lv1avkDsIWvcxQhnvRlHg==",
            "dev": true,
            "requires": {
                "@types/pouchdb-core": "*"
            }
        },
        "@types/pouchdb-adapter-node-websql": {
            "version": "6.1.3",
            "resolved": "https://registry.npmjs.org/@types/pouchdb-adapter-node-websql/-/pouchdb-adapter-node-websql-6.1.3.tgz",
            "integrity": "sha512-F/P+os6Jsa7CgHtH64+Z0HfwIcj0hIRB5z8gNhF7L7dxPWoAfkopK5H2gydrP3sQrlGyN4WInF+UJW/Zu1+FKg==",
            "dev": true,
            "requires": {
                "@types/pouchdb-adapter-websql": "*",
                "@types/pouchdb-core": "*"
            }
        },
        "@types/pouchdb-adapter-websql": {
            "version": "6.1.3",
            "resolved": "https://registry.npmjs.org/@types/pouchdb-adapter-websql/-/pouchdb-adapter-websql-6.1.3.tgz",
            "integrity": "sha512-0AsCWnliwg/3PKj5NAoFuzpnMQKXGBOl+6q8aNxK3N9Tq3SbV91QhgW/mdJsOdqSOw0EBudkGdE6/CZlrgeLpw==",
            "dev": true,
            "requires": {
                "@types/pouchdb-core": "*"
            }
        },
        "@types/pouchdb-browser": {
            "version": "6.1.3",
            "resolved": "https://registry.npmjs.org/@types/pouchdb-browser/-/pouchdb-browser-6.1.3.tgz",
            "integrity": "sha512-EdYowrWxW9SWBMX/rux2eq7dbHi5Zeyzz+FF/IAsgQKnUxgeCO5VO2j4zTzos0SDyJvAQU+EYRc11r7xGn5tvA==",
            "dev": true,
            "requires": {
                "@types/pouchdb-adapter-http": "*",
                "@types/pouchdb-adapter-idb": "*",
                "@types/pouchdb-adapter-websql": "*",
                "@types/pouchdb-core": "*",
                "@types/pouchdb-mapreduce": "*",
                "@types/pouchdb-replication": "*"
            }
        },
        "@types/pouchdb-core": {
            "version": "7.0.6",
            "resolved": "https://registry.npmjs.org/@types/pouchdb-core/-/pouchdb-core-7.0.6.tgz",
            "integrity": "sha512-MCTtOA3buNN+YVkCWFaojWzP6SsESLRp5uXtXcZE8aUm8RNM/hrVun+RVmzP4NTIGBjKQgO9U9X/bTd9k0jsXA==",
            "dev": true,
            "requires": {
                "@types/debug": "*",
                "@types/node-fetch": "*",
                "@types/pouchdb-find": "*"
            }
        },
        "@types/pouchdb-find": {
            "version": "6.3.6",
            "resolved": "https://registry.npmjs.org/@types/pouchdb-find/-/pouchdb-find-6.3.6.tgz",
            "integrity": "sha512-qXgkYfmwUIMCtFcX959ywYyFYJp23Er3btfWNwm1wyYpPK9uuJD8Zh7OmcyFLzWKZG7c8eLHVvGGOp4NysHjDg==",
            "dev": true,
            "requires": {
                "@types/pouchdb-core": "*"
            }
        },
        "@types/pouchdb-http": {
            "version": "6.1.3",
            "resolved": "https://registry.npmjs.org/@types/pouchdb-http/-/pouchdb-http-6.1.3.tgz",
            "integrity": "sha512-0e9E5SqNOyPl/3FnEIbENssB4FlJsNYuOy131nxrZk36S+y1R/6qO7ZVRypWpGTqBWSuVd7gCsq2UDwO/285+w==",
            "dev": true,
            "requires": {
                "@types/pouchdb-adapter-http": "*",
                "@types/pouchdb-core": "*"
            }
        },
        "@types/pouchdb-mapreduce": {
            "version": "6.1.4",
            "resolved": "https://registry.npmjs.org/@types/pouchdb-mapreduce/-/pouchdb-mapreduce-6.1.4.tgz",
            "integrity": "sha512-c8cZ8E9zEl7ZMcrE5jaF2qOm+cxQ01+B0NG9oGHVX3Mj5G8m4oIBAUELJmJw9LvEq3r9nXXn6g9TvvN8NiRalg==",
            "dev": true,
            "requires": {
                "@types/pouchdb-core": "*"
            }
        },
        "@types/pouchdb-node": {
            "version": "6.1.3",
            "resolved": "https://registry.npmjs.org/@types/pouchdb-node/-/pouchdb-node-6.1.3.tgz",
            "integrity": "sha512-rZb3eWGLKJo4LBhUIJLofyoric/5wKYI6HVUld8CfDWeVZgYVUJ/GEw/vXuqXsbgbsaNyk6XeU9461ULBt+0qg==",
            "dev": true,
            "requires": {
                "@types/pouchdb-adapter-http": "*",
                "@types/pouchdb-adapter-leveldb": "*",
                "@types/pouchdb-core": "*",
                "@types/pouchdb-mapreduce": "*",
                "@types/pouchdb-replication": "*"
            }
        },
        "@types/pouchdb-replication": {
            "version": "6.4.2",
            "resolved": "https://registry.npmjs.org/@types/pouchdb-replication/-/pouchdb-replication-6.4.2.tgz",
            "integrity": "sha512-BbuwkCv6nu8RUVjymUvhSw/Oo+VOCWyUpio3ujOoxhVdef/JZ5AUjsotgKWHiG0OtkZ8O5oCbAx5uH1Zf6w9XA==",
            "dev": true,
            "requires": {
                "@types/pouchdb-core": "*",
                "@types/pouchdb-find": "*"
            }
        },
        "@types/resolve": {
            "version": "1.17.1",
            "resolved": "https://registry.npmjs.org/@types/resolve/-/resolve-1.17.1.tgz",
            "integrity": "sha512-yy7HuzQhj0dhGpD8RLXSZWEkLsV9ibvxvi6EiJ3bkqLAO1RGo0WbkWQiwpRlSFymTJRz0d3k5LM3kkx8ArDbLw==",
            "dev": true,
            "requires": {
                "@types/node": "*"
            }
        },
        "argparse": {
            "version": "1.0.10",
            "resolved": "https://registry.npmjs.org/argparse/-/argparse-1.0.10.tgz",
            "integrity": "sha512-o5Roy6tNG4SL/FOkCAN6RzjiakZS25RLYFrcMttJqbdd8BWrnA+fGz57iN5Pb06pvBGvl5gQ0B48dJlslXvoTg==",
            "dev": true,
            "requires": {
                "sprintf-js": "~1.0.2"
            }
        },
        "asynckit": {
            "version": "0.4.0",
            "resolved": "https://registry.npmjs.org/asynckit/-/asynckit-0.4.0.tgz",
            "integrity": "sha1-x57Zf380y48robyXkLzDZkdLS3k=",
            "dev": true
        },
        "builtin-modules": {
            "version": "1.1.1",
            "resolved": "https://registry.npmjs.org/builtin-modules/-/builtin-modules-1.1.1.tgz",
            "integrity": "sha1-Jw8HbFpywC9bZaR9+Uxf46J4iS8=",
            "dev": true
        },
        "caller-callsite": {
            "version": "2.0.0",
            "resolved": "https://registry.npmjs.org/caller-callsite/-/caller-callsite-2.0.0.tgz",
            "integrity": "sha1-hH4PzgoiN1CpoCfFSzNzGtMVQTQ=",
            "dev": true,
            "requires": {
                "callsites": "^2.0.0"
            }
        },
        "caller-path": {
            "version": "2.0.0",
            "resolved": "https://registry.npmjs.org/caller-path/-/caller-path-2.0.0.tgz",
            "integrity": "sha1-Ro+DBE42mrIBD6xfBs7uFbsssfQ=",
            "dev": true,
            "requires": {
                "caller-callsite": "^2.0.0"
            }
        },
        "callsites": {
            "version": "2.0.0",
            "resolved": "http://registry.npmjs.org/callsites/-/callsites-2.0.0.tgz",
            "integrity": "sha1-BuuE8A7qQT2oav/vrL/7Ngk7PFA=",
            "dev": true
        },
        "ci-info": {
            "version": "1.6.0",
            "resolved": "https://registry.npmjs.org/ci-info/-/ci-info-1.6.0.tgz",
            "integrity": "sha512-vsGdkwSCDpWmP80ncATX7iea5DWQemg1UgCW5J8tqjU3lYw4FBYuj89J0CTVomA7BEfvSZd84GmHko+MxFQU2A==",
            "dev": true
        },
        "combined-stream": {
            "version": "1.0.8",
            "resolved": "https://registry.npmjs.org/combined-stream/-/combined-stream-1.0.8.tgz",
            "integrity": "sha512-FQN4MRfuJeHf7cBbBMJFXhKSDq+2kAArBlmRBvcvFE5BB1HZKXtSFASDhdlz9zOYwxh8lDdnvmMOe/+5cdoEdg==",
            "dev": true,
            "requires": {
                "delayed-stream": "~1.0.0"
            }
        },
        "core-util-is": {
            "version": "1.0.2",
            "resolved": "https://registry.npmjs.org/core-util-is/-/core-util-is-1.0.2.tgz",
            "integrity": "sha1-tf1UIgqivFq1eqtxQMlAdUUDwac="
        },
        "cosmiconfig": {
            "version": "5.0.7",
            "resolved": "https://registry.npmjs.org/cosmiconfig/-/cosmiconfig-5.0.7.tgz",
            "integrity": "sha512-PcLqxTKiDmNT6pSpy4N6KtuPwb53W+2tzNvwOZw0WH9N6O0vLIBq0x8aj8Oj75ere4YcGi48bDFCL+3fRJdlNA==",
            "dev": true,
            "requires": {
                "import-fresh": "^2.0.0",
                "is-directory": "^0.3.1",
                "js-yaml": "^3.9.0",
                "parse-json": "^4.0.0"
            }
        },
        "cross-spawn": {
            "version": "6.0.5",
            "resolved": "https://registry.npmjs.org/cross-spawn/-/cross-spawn-6.0.5.tgz",
            "integrity": "sha512-eTVLrBSt7fjbDygz805pMnstIs2VTBNkRm0qxZd+M7A5XDdxVRWO5MxGBXZhjY4cqLYLdtrGqRf8mBPmzwSpWQ==",
            "dev": true,
            "requires": {
                "nice-try": "^1.0.4",
                "path-key": "^2.0.1",
                "semver": "^5.5.0",
                "shebang-command": "^1.2.0",
                "which": "^1.2.9"
            }
        },
        "csv-parse": {
            "version": "4.14.1",
            "resolved": "https://registry.npmjs.org/csv-parse/-/csv-parse-4.14.1.tgz",
            "integrity": "sha512-4wmcO7QbWtDAncGFaBwlWFPhEN4Akr64IbM4zvDwEOFekI8blLc04Nw7XjQjtSNy+3AUAgBgtUa9nWo5Cq89Xg=="
        },
        "deepmerge": {
            "version": "4.2.2",
            "resolved": "https://registry.npmjs.org/deepmerge/-/deepmerge-4.2.2.tgz",
            "integrity": "sha512-FJ3UgI4gIl+PHZm53knsuSFpE+nESMr7M4v9QcgB7S63Kj/6WqMiFQJpBBYz1Pt+66bZpP3Q7Lye0Oo9MPKEdg==",
            "dev": true
        },
        "delayed-stream": {
            "version": "1.0.0",
            "resolved": "https://registry.npmjs.org/delayed-stream/-/delayed-stream-1.0.0.tgz",
            "integrity": "sha1-3zrhmayt+31ECqrgsp4icrJOxhk=",
            "dev": true
        },
        "end-of-stream": {
            "version": "1.4.1",
            "resolved": "https://registry.npmjs.org/end-of-stream/-/end-of-stream-1.4.1.tgz",
            "integrity": "sha512-1MkrZNvWTKCaigbn+W15elq2BB/L22nqrSY5DKlo3X6+vclJm8Bb5djXJBmEX6fS3+zCh/F4VBK5Z2KxJt4s2Q==",
            "dev": true,
            "requires": {
                "once": "^1.4.0"
            }
        },
        "error-ex": {
            "version": "1.3.2",
            "resolved": "https://registry.npmjs.org/error-ex/-/error-ex-1.3.2.tgz",
            "integrity": "sha512-7dFHNmqeFSEt2ZBsCriorKnn3Z2pj+fd9kmI6QoWw4//DL+icEBfc0U7qJCisqrTsKTjw4fNFy2pW9OqStD84g==",
            "dev": true,
            "requires": {
                "is-arrayish": "^0.2.1"
            }
        },
        "esprima": {
            "version": "4.0.1",
            "resolved": "https://registry.npmjs.org/esprima/-/esprima-4.0.1.tgz",
            "integrity": "sha512-eGuFFw7Upda+g4p+QHvnW0RyTX/SVeJBDM/gCtMARO0cLuT2HcEKnTPvhjV6aGeqrCB/sbNop0Kszm0jsaWU4A==",
            "dev": true
        },
        "estree-walker": {
            "version": "1.0.1",
            "resolved": "https://registry.npmjs.org/estree-walker/-/estree-walker-1.0.1.tgz",
            "integrity": "sha512-1fMXF3YP4pZZVozF8j/ZLfvnR8NSIljt56UhbZ5PeeDmmGHpgpdwQt7ITlGvYaQukCvuBRMLEiKiYC+oeIg4cg==",
            "dev": true
        },
        "execa": {
            "version": "1.0.0",
            "resolved": "https://registry.npmjs.org/execa/-/execa-1.0.0.tgz",
            "integrity": "sha512-adbxcyWV46qiHyvSp50TKt05tB4tK3HcmF7/nxfAdhnox83seTDbwnaqKO4sXRy7roHAIFqJP/Rw/AuEbX61LA==",
            "dev": true,
            "requires": {
                "cross-spawn": "^6.0.0",
                "get-stream": "^4.0.0",
                "is-stream": "^1.1.0",
                "npm-run-path": "^2.0.0",
                "p-finally": "^1.0.0",
                "signal-exit": "^3.0.0",
                "strip-eof": "^1.0.0"
            }
        },
        "find-up": {
            "version": "3.0.0",
            "resolved": "https://registry.npmjs.org/find-up/-/find-up-3.0.0.tgz",
            "integrity": "sha512-1yD6RmLI1XBfxugvORwlck6f75tYL+iR0jqwsOrOxMZyGYqUuDhJ0l4AXdO1iX/FTs9cBAMEk1gWSEx1kSbylg==",
            "dev": true,
            "requires": {
                "locate-path": "^3.0.0"
            }
        },
        "form-data": {
            "version": "3.0.0",
            "resolved": "https://registry.npmjs.org/form-data/-/form-data-3.0.0.tgz",
            "integrity": "sha512-CKMFDglpbMi6PyN+brwB9Q/GOw0eAnsrEZDgcsH5Krhz5Od/haKHAX0NmQfha2zPPz0JpWzA7GJHGSnvCRLWsg==",
            "dev": true,
            "requires": {
                "asynckit": "^0.4.0",
                "combined-stream": "^1.0.8",
                "mime-types": "^2.1.12"
            }
        },
        "fsevents": {
            "version": "2.1.3",
            "resolved": "https://registry.npmjs.org/fsevents/-/fsevents-2.1.3.tgz",
            "integrity": "sha512-Auw9a4AxqWpa9GUfj370BMPzzyncfBABW8Mab7BGWBYDj4Isgq+cDKtx0i6u9jcX9pQDnswsaaOTgTmA5pEjuQ==",
            "dev": true,
            "optional": true
        },
        "function-bind": {
            "version": "1.1.1",
            "resolved": "https://registry.npmjs.org/function-bind/-/function-bind-1.1.1.tgz",
            "integrity": "sha512-yIovAzMX49sF8Yl58fSCWJ5svSLuaibPxXQJFLmBObTuCr0Mf1KiPopGM9NiFjiYBCbfaa2Fh6breQ6ANVTI0A==",
            "dev": true
        },
        "get-stdin": {
            "version": "6.0.0",
            "resolved": "https://registry.npmjs.org/get-stdin/-/get-stdin-6.0.0.tgz",
            "integrity": "sha512-jp4tHawyV7+fkkSKyvjuLZswblUtz+SQKzSWnBbii16BuZksJlU1wuBYXY75r+duh/llF1ur6oNwi+2ZzjKZ7g==",
            "dev": true
        },
        "get-stream": {
            "version": "4.1.0",
            "resolved": "https://registry.npmjs.org/get-stream/-/get-stream-4.1.0.tgz",
            "integrity": "sha512-GMat4EJ5161kIy2HevLlr4luNjBgvmj413KaQA7jt4V8B4RDsfpHk7WQ9GVqfYyyx8OS/L66Kox+rJRNklLK7w==",
            "dev": true,
            "requires": {
                "pump": "^3.0.0"
            }
        },
        "has": {
            "version": "1.0.3",
            "resolved": "https://registry.npmjs.org/has/-/has-1.0.3.tgz",
            "integrity": "sha512-f2dvO0VU6Oej7RkWJGrehjbzMAjFp5/VKPp5tTpWIV4JHHZK1/BxbFRtf/siA2SWTe09caDmVtYYzWEIbBS4zw==",
            "dev": true,
            "requires": {
                "function-bind": "^1.1.1"
            }
        },
        "hosted-git-info": {
            "version": "2.8.9",
            "resolved": "https://registry.npmjs.org/hosted-git-info/-/hosted-git-info-2.8.9.tgz",
            "integrity": "sha512-mxIDAb9Lsm6DoOJ7xH+5+X4y1LU/4Hi50L9C5sIswK3JzULS4bwk1FvjdBgvYR4bzT4tuUQiC15FE2f5HbLvYw==",
            "dev": true
        },
        "husky": {
            "version": "1.2.0",
            "resolved": "https://registry.npmjs.org/husky/-/husky-1.2.0.tgz",
            "integrity": "sha512-/ib3+iycykXC0tYIxsyqierikVa9DA2DrT32UEirqNEFVqOj1bFMTgP3jAz8HM7FgC/C8pc/BTUa9MV2GEkZaA==",
            "dev": true,
            "requires": {
                "cosmiconfig": "^5.0.6",
                "execa": "^1.0.0",
                "find-up": "^3.0.0",
                "get-stdin": "^6.0.0",
                "is-ci": "^1.2.1",
                "pkg-dir": "^3.0.0",
                "please-upgrade-node": "^3.1.1",
                "read-pkg": "^4.0.1",
                "run-node": "^1.0.0",
                "slash": "^2.0.0"
            }
        },
        "import-fresh": {
            "version": "2.0.0",
            "resolved": "https://registry.npmjs.org/import-fresh/-/import-fresh-2.0.0.tgz",
            "integrity": "sha1-2BNVwVYS04bGH53dOSLUMEgipUY=",
            "dev": true,
            "requires": {
                "caller-path": "^2.0.0",
                "resolve-from": "^3.0.0"
            }
        },
        "inherits": {
            "version": "2.0.3",
            "resolved": "https://registry.npmjs.org/inherits/-/inherits-2.0.3.tgz",
            "integrity": "sha1-Yzwsg+PaQqUC9SRmAiSA9CCCYd4="
        },
        "is-arrayish": {
            "version": "0.2.1",
            "resolved": "https://registry.npmjs.org/is-arrayish/-/is-arrayish-0.2.1.tgz",
            "integrity": "sha1-d8mYQFJ6qOyxqLppe4BkWnqSap0=",
            "dev": true
        },
        "is-builtin-module": {
            "version": "1.0.0",
            "resolved": "http://registry.npmjs.org/is-builtin-module/-/is-builtin-module-1.0.0.tgz",
            "integrity": "sha1-VAVy0096wxGfj3bDDLwbHgN6/74=",
            "dev": true,
            "requires": {
                "builtin-modules": "^1.0.0"
            }
        },
        "is-ci": {
            "version": "1.2.1",
            "resolved": "https://registry.npmjs.org/is-ci/-/is-ci-1.2.1.tgz",
            "integrity": "sha512-s6tfsaQaQi3JNciBH6shVqEDvhGut0SUXr31ag8Pd8BBbVVlcGfWhpPmEOoM6RJ5TFhbypvf5yyRw/VXW1IiWg==",
            "dev": true,
            "requires": {
                "ci-info": "^1.5.0"
            }
        },
        "is-core-module": {
            "version": "2.2.0",
            "resolved": "https://registry.npmjs.org/is-core-module/-/is-core-module-2.2.0.tgz",
            "integrity": "sha512-XRAfAdyyY5F5cOXn7hYQDqh2Xmii+DEfIcQGxK/uNwMHhIkPWO0g8msXcbzLe+MpGoR951MlqM/2iIlU4vKDdQ==",
            "dev": true,
            "requires": {
                "has": "^1.0.3"
            }
        },
        "is-directory": {
            "version": "0.3.1",
            "resolved": "https://registry.npmjs.org/is-directory/-/is-directory-0.3.1.tgz",
            "integrity": "sha1-YTObbyR1/Hcv2cnYP1yFddwVSuE=",
            "dev": true
        },
        "is-module": {
            "version": "1.0.0",
            "resolved": "https://registry.npmjs.org/is-module/-/is-module-1.0.0.tgz",
            "integrity": "sha1-Mlj7afeMFNW4FdZkM2tM/7ZEFZE=",
            "dev": true
        },
        "is-stream": {
            "version": "1.1.0",
            "resolved": "https://registry.npmjs.org/is-stream/-/is-stream-1.1.0.tgz",
            "integrity": "sha1-EtSj3U5o4Lec6428hBc66A2RykQ=",
            "dev": true
        },
        "isexe": {
            "version": "2.0.0",
            "resolved": "https://registry.npmjs.org/isexe/-/isexe-2.0.0.tgz",
            "integrity": "sha1-6PvzdNxVb/iUehDcsFctYz8s+hA=",
            "dev": true
        },
        "js-yaml": {
            "version": "3.12.0",
            "resolved": "https://registry.npmjs.org/js-yaml/-/js-yaml-3.12.0.tgz",
            "integrity": "sha512-PIt2cnwmPfL4hKNwqeiuz4bKfnzHTBv6HyVgjahA6mPLwPDzjDWrplJBMjHUFxku/N3FlmrbyPclad+I+4mJ3A==",
            "dev": true,
            "requires": {
                "argparse": "^1.0.7",
                "esprima": "^4.0.0"
            }
        },
        "json-parse-better-errors": {
            "version": "1.0.2",
            "resolved": "https://registry.npmjs.org/json-parse-better-errors/-/json-parse-better-errors-1.0.2.tgz",
            "integrity": "sha512-mrqyZKfX5EhL7hvqcV6WG1yYjnjeuYDzDhhcAAUrq8Po85NBQBJP+ZDUT75qZQ98IkUoBqdkExkukOU7Ts2wrw==",
            "dev": true
        },
        "locate-path": {
            "version": "3.0.0",
            "resolved": "https://registry.npmjs.org/locate-path/-/locate-path-3.0.0.tgz",
            "integrity": "sha512-7AO748wWnIhNqAuaty2ZWHkQHRSNfPVIsPIfwEOWO22AmaoVrWavlOcMR5nzTLNYvp36X220/maaRsrec1G65A==",
            "dev": true,
            "requires": {
                "p-locate": "^3.0.0",
                "path-exists": "^3.0.0"
            }
        },
        "mime-db": {
            "version": "1.44.0",
            "resolved": "https://registry.npmjs.org/mime-db/-/mime-db-1.44.0.tgz",
            "integrity": "sha512-/NOTfLrsPBVeH7YtFPgsVWveuL+4SjjYxaQ1xtM1KMFj7HdxlBlxeyNLzhyJVx7r4rZGJAZ/6lkKCitSc/Nmpg==",
            "dev": true
        },
        "mime-types": {
            "version": "2.1.27",
            "resolved": "https://registry.npmjs.org/mime-types/-/mime-types-2.1.27.tgz",
            "integrity": "sha512-JIhqnCasI9yD+SsmkquHBxTSEuZdQX5BuQnS2Vc7puQQQ+8yiP5AY5uWhpdv4YL4VM5c6iliiYWPgJ/nJQLp7w==",
            "dev": true,
            "requires": {
                "mime-db": "1.44.0"
            }
        },
        "minimist": {
            "version": "1.2.5",
            "resolved": "https://registry.npmjs.org/minimist/-/minimist-1.2.5.tgz",
            "integrity": "sha512-FM9nNUYrRBAELZQT3xeZQ7fmMOBg6nWNmJKTcgsJeaLstP/UODVpGsr5OhXhhXg6f+qtJ8uiZ+PUxkDWcgIXLw=="
        },
        "mixme": {
            "version": "0.4.0",
            "resolved": "https://registry.npmjs.org/mixme/-/mixme-0.4.0.tgz",
            "integrity": "sha512-B4Sm1CDC5+ov5AYxSkyeT5HLtiDgNOLKwFlq34wr8E2O3zRdTvQiLzo599Jt9cir6VJrSenOlgvdooVYCQJIYw=="
        },
        "nice-try": {
            "version": "1.0.5",
            "resolved": "https://registry.npmjs.org/nice-try/-/nice-try-1.0.5.tgz",
            "integrity": "sha512-1nh45deeb5olNY7eX82BkPO7SSxR5SSYJiPTrTdFUVYwAl8CKMA5N9PjTYkHiRjisVcxcQ1HXdLhx2qxxJzLNQ==",
            "dev": true
        },
        "normalize-package-data": {
            "version": "2.4.0",
            "resolved": "https://registry.npmjs.org/normalize-package-data/-/normalize-package-data-2.4.0.tgz",
            "integrity": "sha512-9jjUFbTPfEy3R/ad/2oNbKtW9Hgovl5O1FvFWKkKblNXoN/Oou6+9+KKohPK13Yc3/TyunyWhJp6gvRNR/PPAw==",
            "dev": true,
            "requires": {
                "hosted-git-info": "^2.1.4",
                "is-builtin-module": "^1.0.0",
                "semver": "2 || 3 || 4 || 5",
                "validate-npm-package-license": "^3.0.1"
            }
        },
        "npm-run-path": {
            "version": "2.0.2",
            "resolved": "https://registry.npmjs.org/npm-run-path/-/npm-run-path-2.0.2.tgz",
            "integrity": "sha1-NakjLfo11wZ7TLLd8jV7GHFTbF8=",
            "dev": true,
            "requires": {
                "path-key": "^2.0.0"
            }
        },
        "once": {
            "version": "1.4.0",
            "resolved": "https://registry.npmjs.org/once/-/once-1.4.0.tgz",
            "integrity": "sha1-WDsap3WWHUsROsF9nFC6753Xa9E=",
            "dev": true,
            "requires": {
                "wrappy": "1"
            }
        },
        "p-finally": {
            "version": "1.0.0",
            "resolved": "https://registry.npmjs.org/p-finally/-/p-finally-1.0.0.tgz",
            "integrity": "sha1-P7z7FbiZpEEjs0ttzBi3JDNqLK4=",
            "dev": true
        },
        "p-limit": {
            "version": "2.0.0",
            "resolved": "https://registry.npmjs.org/p-limit/-/p-limit-2.0.0.tgz",
            "integrity": "sha512-fl5s52lI5ahKCernzzIyAP0QAZbGIovtVHGwpcu1Jr/EpzLVDI2myISHwGqK7m8uQFugVWSrbxH7XnhGtvEc+A==",
            "dev": true,
            "requires": {
                "p-try": "^2.0.0"
            }
        },
        "p-locate": {
            "version": "3.0.0",
            "resolved": "https://registry.npmjs.org/p-locate/-/p-locate-3.0.0.tgz",
            "integrity": "sha512-x+12w/To+4GFfgJhBEpiDcLozRJGegY+Ei7/z0tSLkMmxGZNybVMSfWj9aJn8Z5Fc7dBUNJOOVgPv2H7IwulSQ==",
            "dev": true,
            "requires": {
                "p-limit": "^2.0.0"
            }
        },
        "p-try": {
            "version": "2.0.0",
            "resolved": "https://registry.npmjs.org/p-try/-/p-try-2.0.0.tgz",
            "integrity": "sha512-hMp0onDKIajHfIkdRk3P4CdCmErkYAxxDtP3Wx/4nZ3aGlau2VKh3mZpcuFkH27WQkL/3WBCPOktzA9ZOAnMQQ==",
            "dev": true
        },
        "parse-json": {
            "version": "4.0.0",
            "resolved": "https://registry.npmjs.org/parse-json/-/parse-json-4.0.0.tgz",
            "integrity": "sha1-vjX1Qlvh9/bHRxhPmKeIy5lHfuA=",
            "dev": true,
            "requires": {
                "error-ex": "^1.3.1",
                "json-parse-better-errors": "^1.0.1"
            }
        },
        "path-exists": {
            "version": "3.0.0",
            "resolved": "https://registry.npmjs.org/path-exists/-/path-exists-3.0.0.tgz",
            "integrity": "sha1-zg6+ql94yxiSXqfYENe1mwEP1RU=",
            "dev": true
        },
        "path-key": {
            "version": "2.0.1",
            "resolved": "https://registry.npmjs.org/path-key/-/path-key-2.0.1.tgz",
            "integrity": "sha1-QRyttXTFoUDTpLGRDUDYDMn0C0A=",
            "dev": true
        },
        "path-parse": {
            "version": "1.0.6",
            "resolved": "https://registry.npmjs.org/path-parse/-/path-parse-1.0.6.tgz",
            "integrity": "sha512-GSmOT2EbHrINBf9SR7CDELwlJ8AENk3Qn7OikK4nFYAu3Ote2+JYNVvkpAEQm3/TLNEJFD/xZJjzyxg3KBWOzw==",
            "dev": true
        },
        "picomatch": {
            "version": "2.2.2",
            "resolved": "https://registry.npmjs.org/picomatch/-/picomatch-2.2.2.tgz",
            "integrity": "sha512-q0M/9eZHzmr0AulXyPwNfZjtwZ/RBZlbN3K3CErVrk50T2ASYI7Bye0EvekFY3IP1Nt2DHu0re+V2ZHIpMkuWg==",
            "dev": true
        },
        "pify": {
            "version": "3.0.0",
            "resolved": "https://registry.npmjs.org/pify/-/pify-3.0.0.tgz",
            "integrity": "sha1-5aSs0sEB/fPZpNB/DbxNtJ3SgXY=",
            "dev": true
        },
        "pkg-dir": {
            "version": "3.0.0",
            "resolved": "https://registry.npmjs.org/pkg-dir/-/pkg-dir-3.0.0.tgz",
            "integrity": "sha512-/E57AYkoeQ25qkxMj5PBOVgF8Kiu/h7cYS30Z5+R7WaiCCBfLq58ZI/dSeaEKb9WVJV5n/03QwrN3IeWIFllvw==",
            "dev": true,
            "requires": {
                "find-up": "^3.0.0"
            }
        },
        "please-upgrade-node": {
            "version": "3.1.1",
            "resolved": "https://registry.npmjs.org/please-upgrade-node/-/please-upgrade-node-3.1.1.tgz",
            "integrity": "sha512-KY1uHnQ2NlQHqIJQpnh/i54rKkuxCEBx+voJIS/Mvb+L2iYd2NMotwduhKTMjfC1uKoX3VXOxLjIYG66dfJTVQ==",
            "dev": true,
            "requires": {
                "semver-compare": "^1.0.0"
            }
        },
        "prettier": {
            "version": "2.2.1",
            "resolved": "https://registry.npmjs.org/prettier/-/prettier-2.2.1.tgz",
            "integrity": "sha512-PqyhM2yCjg/oKkFPtTGUojv7gnZAoG80ttl45O6x2Ug/rMJw4wcc9k6aaf2hibP7BGVCCM33gZoGjyvt9mm16Q==",
            "dev": true
        },
        "promise-stream-utils": {
            "version": "1.1.0",
            "resolved": "https://registry.npmjs.org/promise-stream-utils/-/promise-stream-utils-1.1.0.tgz",
            "integrity": "sha512-airywd9DKT+tBd3MD7F0RpiR8zMA8D1dnMVDycE2CitpPpVqiie8QsKPgHgxsqjGOcG4OcgbyFG5wsoqd+/d7A==",
            "dev": true
        },
        "pump": {
            "version": "3.0.0",
            "resolved": "https://registry.npmjs.org/pump/-/pump-3.0.0.tgz",
            "integrity": "sha512-LwZy+p3SFs1Pytd/jYct4wpv49HiYCqd9Rlc5ZVdk0V+8Yzv6jR5Blk3TRmPL1ft69TxP0IMZGJ+WPFU2BFhww==",
            "dev": true,
            "requires": {
                "end-of-stream": "^1.1.0",
                "once": "^1.3.1"
            }
        },
        "read-pkg": {
            "version": "4.0.1",
            "resolved": "https://registry.npmjs.org/read-pkg/-/read-pkg-4.0.1.tgz",
            "integrity": "sha1-ljYlN48+HE1IyFhytabsfV0JMjc=",
            "dev": true,
            "requires": {
                "normalize-package-data": "^2.3.2",
                "parse-json": "^4.0.0",
                "pify": "^3.0.0"
            }
        },
        "resolve": {
            "version": "1.19.0",
            "resolved": "https://registry.npmjs.org/resolve/-/resolve-1.19.0.tgz",
            "integrity": "sha512-rArEXAgsBG4UgRGcynxWIWKFvh/XZCcS8UJdHhwy91zwAvCZIbcs+vAbflgBnNjYMs/i/i+/Ux6IZhML1yPvxg==",
            "dev": true,
            "requires": {
                "is-core-module": "^2.1.0",
                "path-parse": "^1.0.6"
            }
        },
        "resolve-from": {
            "version": "3.0.0",
            "resolved": "https://registry.npmjs.org/resolve-from/-/resolve-from-3.0.0.tgz",
            "integrity": "sha1-six699nWiBvItuZTM17rywoYh0g=",
            "dev": true
        },
        "rollup": {
            "version": "2.34.2",
            "resolved": "https://registry.npmjs.org/rollup/-/rollup-2.34.2.tgz",
            "integrity": "sha512-mvtQLqu3cNeoctS+kZ09iOPxrc1P1/Bt1z15enuQ5feyKOdM3MJAVFjjsygurDpSWn530xB4AlA83TWIzRstXA==",
            "dev": true,
            "requires": {
                "fsevents": "~2.1.2"
            }
        },
        "run-node": {
            "version": "1.0.0",
            "resolved": "https://registry.npmjs.org/run-node/-/run-node-1.0.0.tgz",
            "integrity": "sha512-kc120TBlQ3mih1LSzdAJXo4xn/GWS2ec0l3S+syHDXP9uRr0JAT8Qd3mdMuyjqCzeZktgP3try92cEgf9Nks8A==",
            "dev": true
        },
        "semver": {
            "version": "5.6.0",
            "resolved": "https://registry.npmjs.org/semver/-/semver-5.6.0.tgz",
            "integrity": "sha512-RS9R6R35NYgQn++fkDWaOmqGoj4Ek9gGs+DPxNUZKuwE183xjJroKvyo1IzVFeXvUrvmALy6FWD5xrdJT25gMg==",
            "dev": true
        },
        "semver-compare": {
            "version": "1.0.0",
            "resolved": "https://registry.npmjs.org/semver-compare/-/semver-compare-1.0.0.tgz",
            "integrity": "sha1-De4hahyUGrN+nvsXiPavxf9VN/w=",
            "dev": true
        },
        "shebang-command": {
            "version": "1.2.0",
            "resolved": "https://registry.npmjs.org/shebang-command/-/shebang-command-1.2.0.tgz",
            "integrity": "sha1-RKrGW2lbAzmJaMOfNj/uXer98eo=",
            "dev": true,
            "requires": {
                "shebang-regex": "^1.0.0"
            }
        },
        "shebang-regex": {
            "version": "1.0.0",
            "resolved": "https://registry.npmjs.org/shebang-regex/-/shebang-regex-1.0.0.tgz",
            "integrity": "sha1-2kL0l0DAtC2yypcoVxyxkMmO/qM=",
            "dev": true
        },
        "signal-exit": {
            "version": "3.0.2",
            "resolved": "https://registry.npmjs.org/signal-exit/-/signal-exit-3.0.2.tgz",
            "integrity": "sha1-tf3AjxKH6hF4Yo5BXiUTK3NkbG0=",
            "dev": true
        },
        "slash": {
            "version": "2.0.0",
            "resolved": "https://registry.npmjs.org/slash/-/slash-2.0.0.tgz",
            "integrity": "sha512-ZYKh3Wh2z1PpEXWr0MpSBZ0V6mZHAQfYevttO11c51CaWjGTaadiKZ+wVt1PbMlDV5qhMFslpZCemhwOK7C89A==",
            "dev": true
        },
        "spdx-correct": {
            "version": "3.1.0",
            "resolved": "https://registry.npmjs.org/spdx-correct/-/spdx-correct-3.1.0.tgz",
            "integrity": "sha512-lr2EZCctC2BNR7j7WzJ2FpDznxky1sjfxvvYEyzxNyb6lZXHODmEoJeFu4JupYlkfha1KZpJyoqiJ7pgA1qq8Q==",
            "dev": true,
            "requires": {
                "spdx-expression-parse": "^3.0.0",
                "spdx-license-ids": "^3.0.0"
            }
        },
        "spdx-exceptions": {
            "version": "2.2.0",
            "resolved": "https://registry.npmjs.org/spdx-exceptions/-/spdx-exceptions-2.2.0.tgz",
            "integrity": "sha512-2XQACfElKi9SlVb1CYadKDXvoajPgBVPn/gOQLrTvHdElaVhr7ZEbqJaRnJLVNeaI4cMEAgVCeBMKF6MWRDCRA==",
            "dev": true
        },
        "spdx-expression-parse": {
            "version": "3.0.0",
            "resolved": "https://registry.npmjs.org/spdx-expression-parse/-/spdx-expression-parse-3.0.0.tgz",
            "integrity": "sha512-Yg6D3XpRD4kkOmTpdgbUiEJFKghJH03fiC1OPll5h/0sO6neh2jqRDVHOQ4o/LMea0tgCkbMgea5ip/e+MkWyg==",
            "dev": true,
            "requires": {
                "spdx-exceptions": "^2.1.0",
                "spdx-license-ids": "^3.0.0"
            }
        },
        "spdx-license-ids": {
            "version": "3.0.2",
            "resolved": "https://registry.npmjs.org/spdx-license-ids/-/spdx-license-ids-3.0.2.tgz",
            "integrity": "sha512-qky9CVt0lVIECkEsYbNILVnPvycuEBkXoMFLRWsREkomQLevYhtRKC+R91a5TOAQ3bCMjikRwhyaRqj1VYatYg==",
            "dev": true
        },
        "sprintf-js": {
            "version": "1.0.3",
            "resolved": "http://registry.npmjs.org/sprintf-js/-/sprintf-js-1.0.3.tgz",
            "integrity": "sha1-BOaSb2YolTVPPdAVIDYzuFcpfiw=",
            "dev": true
        },
        "stream-batch": {
            "version": "1.0.0",
            "resolved": "https://registry.npmjs.org/stream-batch/-/stream-batch-1.0.0.tgz",
            "integrity": "sha1-Ddt1Or4vTEAVyOjUY1ngxvdaUCg=",
            "requires": {
                "through2": "^0.6.3"
            }
        },
        "stream-transform": {
            "version": "2.0.3",
            "resolved": "https://registry.npmjs.org/stream-transform/-/stream-transform-2.0.3.tgz",
            "integrity": "sha512-HgNXs2rNG9pKC2gK4owtMPMKfto81S/TWZw0Ybsx6Wp23klnN0YctnMXYe0PmzzhB/zIBEB+0Urf+PMorE4d/A==",
            "requires": {
                "mixme": "^0.4.0"
            }
        },
        "strip-eof": {
            "version": "1.0.0",
            "resolved": "http://registry.npmjs.org/strip-eof/-/strip-eof-1.0.0.tgz",
            "integrity": "sha1-u0P/VZim6wXYm1n80SnJgzE2Br8=",
            "dev": true
        },
        "through2": {
            "version": "0.6.5",
            "resolved": "http://registry.npmjs.org/through2/-/through2-0.6.5.tgz",
            "integrity": "sha1-QaucZ7KdVyCQcUEOHXp6lozTrUg=",
            "requires": {
                "readable-stream": ">=1.0.33-1 <1.1.0-0",
                "xtend": ">=4.0.0 <4.1.0-0"
            },
            "dependencies": {
                "isarray": {
                    "version": "0.0.1",
                    "resolved": "https://registry.npmjs.org/isarray/-/isarray-0.0.1.tgz",
                    "integrity": "sha1-ihis/Kmo9Bd+Cav8YDiTmwXR7t8="
                },
                "readable-stream": {
                    "version": "1.0.34",
                    "resolved": "http://registry.npmjs.org/readable-stream/-/readable-stream-1.0.34.tgz",
                    "integrity": "sha1-Elgg40vIQtLyqq+v5MKRbuMsFXw=",
                    "requires": {
                        "core-util-is": "~1.0.0",
                        "inherits": "~2.0.1",
                        "isarray": "0.0.1",
                        "string_decoder": "~0.10.x"
                    }
                },
                "string_decoder": {
                    "version": "0.10.31",
                    "resolved": "http://registry.npmjs.org/string_decoder/-/string_decoder-0.10.31.tgz",
                    "integrity": "sha1-YuIDvEF2bGwoyfyEMB2rHFMQ+pQ="
                }
            }
        },
        "typescript": {
            "version": "4.1.2",
            "resolved": "https://registry.npmjs.org/typescript/-/typescript-4.1.2.tgz",
            "integrity": "sha512-thGloWsGH3SOxv1SoY7QojKi0tc+8FnOmiarEGMbd/lar7QOEd3hvlx3Fp5y6FlDUGl9L+pd4n2e+oToGMmhRQ==",
            "dev": true
        },
        "validate-npm-package-license": {
            "version": "3.0.4",
            "resolved": "https://registry.npmjs.org/validate-npm-package-license/-/validate-npm-package-license-3.0.4.tgz",
            "integrity": "sha512-DpKm2Ui/xN7/HQKCtpZxoRWBhZ9Z0kqtygG8XCgNQ8ZlDnxuQmWhj566j8fN4Cu3/JmbhsDo7fcAJq4s9h27Ew==",
            "dev": true,
            "requires": {
                "spdx-correct": "^3.0.0",
                "spdx-expression-parse": "^3.0.0"
            }
        },
        "which": {
            "version": "1.3.1",
            "resolved": "https://registry.npmjs.org/which/-/which-1.3.1.tgz",
            "integrity": "sha512-HxJdYWq1MTIQbJ3nw0cqssHoTNU267KlrDuGZ1WYlxDStUtKUhOaJmh112/TZmHxxUfuJqPXSOm7tDyas0OSIQ==",
            "dev": true,
            "requires": {
                "isexe": "^2.0.0"
            }
        },
        "wrappy": {
            "version": "1.0.2",
            "resolved": "https://registry.npmjs.org/wrappy/-/wrappy-1.0.2.tgz",
            "integrity": "sha1-tSQ9jz7BqjXxNkYFvA0QNuMKtp8=",
            "dev": true
        },
        "xtend": {
            "version": "4.0.1",
            "resolved": "https://registry.npmjs.org/xtend/-/xtend-4.0.1.tgz",
            "integrity": "sha1-pcbVMr5lbiPbgg77lDofBJmNY68="
        }
    }
}
