{
    "name": "csv-to-pouch",
    "version": "4.0.0",
    "lockfileVersion": 2,
    "requires": true,
    "packages": {
        "": {
            "name": "csv-to-pouch",
            "version": "4.0.0",
            "license": "MIT",
            "dependencies": {
                "csv-parse": "^5.0.4",
                "minimist": "^1.2.6",
                "stream-batch": "^1.0.0",
                "stream-transform": "^3.0.4"
            },
            "bin": {
                "csv-to-pouch": "cmd.js"
            },
            "devDependencies": {
                "@rollup/plugin-node-resolve": "^13.2.1",
                "@types/pouchdb": "^6.4.0",
                "husky": "^7.0.4",
                "prettier": "~2.6.2",
                "promise-stream-utils": "^1.1.0",
                "rollup": "^2.71.0",
                "typescript": "^4.6.4"
            }
        },
        "node_modules/@rollup/plugin-node-resolve": {
            "version": "13.2.1",
            "resolved": "https://registry.npmjs.org/@rollup/plugin-node-resolve/-/plugin-node-resolve-13.2.1.tgz",
            "integrity": "sha512-btX7kzGvp1JwShQI9V6IM841YKNPYjKCvUbNrQ2EcVYbULtUd/GH6wZ/qdqH13j9pOHBER+EZXNN2L8RSJhVRA==",
            "dev": true,
            "dependencies": {
                "@rollup/pluginutils": "^3.1.0",
                "@types/resolve": "1.17.1",
                "builtin-modules": "^3.1.0",
                "deepmerge": "^4.2.2",
                "is-module": "^1.0.0",
                "resolve": "^1.19.0"
            },
            "engines": {
                "node": ">= 10.0.0"
            },
            "peerDependencies": {
                "rollup": "^2.42.0"
            }
        },
        "node_modules/@rollup/plugin-node-resolve/node_modules/builtin-modules": {
            "version": "3.1.0",
            "resolved": "https://registry.npmjs.org/builtin-modules/-/builtin-modules-3.1.0.tgz",
            "integrity": "sha512-k0KL0aWZuBt2lrxrcASWDfwOLMnodeQjodT/1SxEQAXsHANgo6ZC/VEaSEHCXt7aSTZ4/4H5LKa+tBXmW7Vtvw==",
            "dev": true,
            "engines": {
                "node": ">=6"
            }
        },
        "node_modules/@rollup/pluginutils": {
            "version": "3.1.0",
            "resolved": "https://registry.npmjs.org/@rollup/pluginutils/-/pluginutils-3.1.0.tgz",
            "integrity": "sha512-GksZ6pr6TpIjHm8h9lSQ8pi8BE9VeubNT0OMJ3B5uZJ8pz73NPiqOtCog/x2/QzM1ENChPKxMDhiQuRHsqc+lg==",
            "dev": true,
            "dependencies": {
                "@types/estree": "0.0.39",
                "estree-walker": "^1.0.1",
                "picomatch": "^2.2.2"
            },
            "engines": {
                "node": ">= 8.0.0"
            },
            "peerDependencies": {
                "rollup": "^1.20.0||^2.0.0"
            }
        },
        "node_modules/@types/debug": {
            "version": "4.1.5",
            "resolved": "https://registry.npmjs.org/@types/debug/-/debug-4.1.5.tgz",
            "integrity": "sha512-Q1y515GcOdTHgagaVFhHnIFQ38ygs/kmxdNpvpou+raI9UO3YZcHDngBSYKQklcKlvA7iuQlmIKbzvmxcOE9CQ==",
            "dev": true
        },
        "node_modules/@types/estree": {
            "version": "0.0.39",
            "resolved": "https://registry.npmjs.org/@types/estree/-/estree-0.0.39.tgz",
            "integrity": "sha512-EYNwp3bU+98cpU4lAWYYL7Zz+2gryWH1qbdDTidVd6hkiR6weksdbMadyXKXNPEkQFhXM+hVO9ZygomHXp+AIw==",
            "dev": true
        },
        "node_modules/@types/node": {
            "version": "14.14.11",
            "resolved": "https://registry.npmjs.org/@types/node/-/node-14.14.11.tgz",
            "integrity": "sha512-BJ97wAUuU3NUiUCp44xzUFquQEvnk1wu7q4CMEUYKJWjdkr0YWYDsm4RFtAvxYsNjLsKcrFt6RvK8r+mnzMbEQ==",
            "dev": true
        },
        "node_modules/@types/node-fetch": {
            "version": "2.5.7",
            "resolved": "https://registry.npmjs.org/@types/node-fetch/-/node-fetch-2.5.7.tgz",
            "integrity": "sha512-o2WVNf5UhWRkxlf6eq+jMZDu7kjgpgJfl4xVNlvryc95O/6F2ld8ztKX+qu+Rjyet93WAWm5LjeX9H5FGkODvw==",
            "dev": true,
            "dependencies": {
                "@types/node": "*",
                "form-data": "^3.0.0"
            }
        },
        "node_modules/@types/pouchdb": {
            "version": "6.4.0",
            "resolved": "https://registry.npmjs.org/@types/pouchdb/-/pouchdb-6.4.0.tgz",
            "integrity": "sha512-eGCpX+NXhd5VLJuJMzwe3L79fa9+IDTrAG3CPaf4s/31PD56hOrhDJTSmRELSXuiqXr6+OHzzP0PldSaWsFt7w==",
            "dev": true,
            "dependencies": {
                "@types/pouchdb-adapter-cordova-sqlite": "*",
                "@types/pouchdb-adapter-fruitdown": "*",
                "@types/pouchdb-adapter-http": "*",
                "@types/pouchdb-adapter-idb": "*",
                "@types/pouchdb-adapter-leveldb": "*",
                "@types/pouchdb-adapter-localstorage": "*",
                "@types/pouchdb-adapter-memory": "*",
                "@types/pouchdb-adapter-node-websql": "*",
                "@types/pouchdb-adapter-websql": "*",
                "@types/pouchdb-browser": "*",
                "@types/pouchdb-core": "*",
                "@types/pouchdb-http": "*",
                "@types/pouchdb-mapreduce": "*",
                "@types/pouchdb-node": "*",
                "@types/pouchdb-replication": "*"
            }
        },
        "node_modules/@types/pouchdb-adapter-cordova-sqlite": {
            "version": "1.0.0",
            "resolved": "https://registry.npmjs.org/@types/pouchdb-adapter-cordova-sqlite/-/pouchdb-adapter-cordova-sqlite-1.0.0.tgz",
            "integrity": "sha512-NsqpEYKunBS/BPvttlOVQ5Me6LdU6UYZB0Qak3XS/AvLeIRdF61MZ/czSuL/ozydYr6bikewt6dvlpCK1HWG9Q==",
            "dev": true,
            "dependencies": {
                "@types/pouchdb-core": "*"
            }
        },
        "node_modules/@types/pouchdb-adapter-fruitdown": {
            "version": "6.1.3",
            "resolved": "https://registry.npmjs.org/@types/pouchdb-adapter-fruitdown/-/pouchdb-adapter-fruitdown-6.1.3.tgz",
            "integrity": "sha512-Wz1Z1JLOW1hgmFQjqnSkmyyfH7by/iWb4abKn684WMvQfmxx6BxKJpJ4+eulkVPQzzgMMSgU1MpnQOm9FgRkbw==",
            "dev": true,
            "dependencies": {
                "@types/pouchdb-core": "*"
            }
        },
        "node_modules/@types/pouchdb-adapter-http": {
            "version": "6.1.3",
            "resolved": "https://registry.npmjs.org/@types/pouchdb-adapter-http/-/pouchdb-adapter-http-6.1.3.tgz",
            "integrity": "sha512-9Z4TLbF/KJWy/D2sWRPBA+RNU0odQimfdvlDX+EY7rGcd3aVoH8qjD/X0Xcd/0dfBH5pKrNIMFFQgW/TylRCmA==",
            "dev": true,
            "dependencies": {
                "@types/pouchdb-core": "*"
            }
        },
        "node_modules/@types/pouchdb-adapter-idb": {
            "version": "6.1.3",
            "resolved": "https://registry.npmjs.org/@types/pouchdb-adapter-idb/-/pouchdb-adapter-idb-6.1.3.tgz",
            "integrity": "sha512-K4G9pmHkR2JyL8d6cllIEix2dtQFVIJyDcgoT7ctrbIyyhT4kRjieGc3O7tzIhm1bv7W2qz1aResO9lq7qjKVQ==",
            "dev": true,
            "dependencies": {
                "@types/pouchdb-core": "*"
            }
        },
        "node_modules/@types/pouchdb-adapter-leveldb": {
            "version": "6.1.3",
            "resolved": "https://registry.npmjs.org/@types/pouchdb-adapter-leveldb/-/pouchdb-adapter-leveldb-6.1.3.tgz",
            "integrity": "sha512-ex8NFqQGFwEpFi7AaZ5YofmuemfZNsL3nTFZBUCAKYMBkazQij1pe2ILLStSvJr0XS0qxgXjCEW19T5Wqiiskg==",
            "dev": true,
            "dependencies": {
                "@types/pouchdb-core": "*"
            }
        },
        "node_modules/@types/pouchdb-adapter-localstorage": {
            "version": "6.1.3",
            "resolved": "https://registry.npmjs.org/@types/pouchdb-adapter-localstorage/-/pouchdb-adapter-localstorage-6.1.3.tgz",
            "integrity": "sha512-oor040tye1KKiGLWYtIy7rRT7C2yoyX3Tf6elEJRpjOA7Ja/H8lKc4LaSh9ATbptIcES6MRqZDxtp7ly9hsW3Q==",
            "dev": true,
            "dependencies": {
                "@types/pouchdb-core": "*"
            }
        },
        "node_modules/@types/pouchdb-adapter-memory": {
            "version": "6.1.3",
            "resolved": "https://registry.npmjs.org/@types/pouchdb-adapter-memory/-/pouchdb-adapter-memory-6.1.3.tgz",
            "integrity": "sha512-gVbsIMzDzgZYThFVT4eVNsmuZwVm/4jDxP1sjlgc3qtDIxbtBhGgyNfcskwwz9Zu5Lv1avkDsIWvcxQhnvRlHg==",
            "dev": true,
            "dependencies": {
                "@types/pouchdb-core": "*"
            }
        },
        "node_modules/@types/pouchdb-adapter-node-websql": {
            "version": "6.1.3",
            "resolved": "https://registry.npmjs.org/@types/pouchdb-adapter-node-websql/-/pouchdb-adapter-node-websql-6.1.3.tgz",
            "integrity": "sha512-F/P+os6Jsa7CgHtH64+Z0HfwIcj0hIRB5z8gNhF7L7dxPWoAfkopK5H2gydrP3sQrlGyN4WInF+UJW/Zu1+FKg==",
            "dev": true,
            "dependencies": {
                "@types/pouchdb-adapter-websql": "*",
                "@types/pouchdb-core": "*"
            }
        },
        "node_modules/@types/pouchdb-adapter-websql": {
            "version": "6.1.3",
            "resolved": "https://registry.npmjs.org/@types/pouchdb-adapter-websql/-/pouchdb-adapter-websql-6.1.3.tgz",
            "integrity": "sha512-0AsCWnliwg/3PKj5NAoFuzpnMQKXGBOl+6q8aNxK3N9Tq3SbV91QhgW/mdJsOdqSOw0EBudkGdE6/CZlrgeLpw==",
            "dev": true,
            "dependencies": {
                "@types/pouchdb-core": "*"
            }
        },
        "node_modules/@types/pouchdb-browser": {
            "version": "6.1.3",
            "resolved": "https://registry.npmjs.org/@types/pouchdb-browser/-/pouchdb-browser-6.1.3.tgz",
            "integrity": "sha512-EdYowrWxW9SWBMX/rux2eq7dbHi5Zeyzz+FF/IAsgQKnUxgeCO5VO2j4zTzos0SDyJvAQU+EYRc11r7xGn5tvA==",
            "dev": true,
            "dependencies": {
                "@types/pouchdb-adapter-http": "*",
                "@types/pouchdb-adapter-idb": "*",
                "@types/pouchdb-adapter-websql": "*",
                "@types/pouchdb-core": "*",
                "@types/pouchdb-mapreduce": "*",
                "@types/pouchdb-replication": "*"
            }
        },
        "node_modules/@types/pouchdb-core": {
            "version": "7.0.6",
            "resolved": "https://registry.npmjs.org/@types/pouchdb-core/-/pouchdb-core-7.0.6.tgz",
            "integrity": "sha512-MCTtOA3buNN+YVkCWFaojWzP6SsESLRp5uXtXcZE8aUm8RNM/hrVun+RVmzP4NTIGBjKQgO9U9X/bTd9k0jsXA==",
            "dev": true,
            "dependencies": {
                "@types/debug": "*",
                "@types/node-fetch": "*",
                "@types/pouchdb-find": "*"
            }
        },
        "node_modules/@types/pouchdb-find": {
            "version": "6.3.6",
            "resolved": "https://registry.npmjs.org/@types/pouchdb-find/-/pouchdb-find-6.3.6.tgz",
            "integrity": "sha512-qXgkYfmwUIMCtFcX959ywYyFYJp23Er3btfWNwm1wyYpPK9uuJD8Zh7OmcyFLzWKZG7c8eLHVvGGOp4NysHjDg==",
            "dev": true,
            "dependencies": {
                "@types/pouchdb-core": "*"
            }
        },
        "node_modules/@types/pouchdb-http": {
            "version": "6.1.3",
            "resolved": "https://registry.npmjs.org/@types/pouchdb-http/-/pouchdb-http-6.1.3.tgz",
            "integrity": "sha512-0e9E5SqNOyPl/3FnEIbENssB4FlJsNYuOy131nxrZk36S+y1R/6qO7ZVRypWpGTqBWSuVd7gCsq2UDwO/285+w==",
            "dev": true,
            "dependencies": {
                "@types/pouchdb-adapter-http": "*",
                "@types/pouchdb-core": "*"
            }
        },
        "node_modules/@types/pouchdb-mapreduce": {
            "version": "6.1.4",
            "resolved": "https://registry.npmjs.org/@types/pouchdb-mapreduce/-/pouchdb-mapreduce-6.1.4.tgz",
            "integrity": "sha512-c8cZ8E9zEl7ZMcrE5jaF2qOm+cxQ01+B0NG9oGHVX3Mj5G8m4oIBAUELJmJw9LvEq3r9nXXn6g9TvvN8NiRalg==",
            "dev": true,
            "dependencies": {
                "@types/pouchdb-core": "*"
            }
        },
        "node_modules/@types/pouchdb-node": {
            "version": "6.1.3",
            "resolved": "https://registry.npmjs.org/@types/pouchdb-node/-/pouchdb-node-6.1.3.tgz",
            "integrity": "sha512-rZb3eWGLKJo4LBhUIJLofyoric/5wKYI6HVUld8CfDWeVZgYVUJ/GEw/vXuqXsbgbsaNyk6XeU9461ULBt+0qg==",
            "dev": true,
            "dependencies": {
                "@types/pouchdb-adapter-http": "*",
                "@types/pouchdb-adapter-leveldb": "*",
                "@types/pouchdb-core": "*",
                "@types/pouchdb-mapreduce": "*",
                "@types/pouchdb-replication": "*"
            }
        },
        "node_modules/@types/pouchdb-replication": {
            "version": "6.4.2",
            "resolved": "https://registry.npmjs.org/@types/pouchdb-replication/-/pouchdb-replication-6.4.2.tgz",
            "integrity": "sha512-BbuwkCv6nu8RUVjymUvhSw/Oo+VOCWyUpio3ujOoxhVdef/JZ5AUjsotgKWHiG0OtkZ8O5oCbAx5uH1Zf6w9XA==",
            "dev": true,
            "dependencies": {
                "@types/pouchdb-core": "*",
                "@types/pouchdb-find": "*"
            }
        },
        "node_modules/@types/resolve": {
            "version": "1.17.1",
            "resolved": "https://registry.npmjs.org/@types/resolve/-/resolve-1.17.1.tgz",
            "integrity": "sha512-yy7HuzQhj0dhGpD8RLXSZWEkLsV9ibvxvi6EiJ3bkqLAO1RGo0WbkWQiwpRlSFymTJRz0d3k5LM3kkx8ArDbLw==",
            "dev": true,
            "dependencies": {
                "@types/node": "*"
            }
        },
        "node_modules/asynckit": {
            "version": "0.4.0",
            "resolved": "https://registry.npmjs.org/asynckit/-/asynckit-0.4.0.tgz",
            "integrity": "sha1-x57Zf380y48robyXkLzDZkdLS3k=",
            "dev": true
        },
        "node_modules/combined-stream": {
            "version": "1.0.8",
            "resolved": "https://registry.npmjs.org/combined-stream/-/combined-stream-1.0.8.tgz",
            "integrity": "sha512-FQN4MRfuJeHf7cBbBMJFXhKSDq+2kAArBlmRBvcvFE5BB1HZKXtSFASDhdlz9zOYwxh8lDdnvmMOe/+5cdoEdg==",
            "dev": true,
            "dependencies": {
                "delayed-stream": "~1.0.0"
            },
            "engines": {
                "node": ">= 0.8"
            }
        },
        "node_modules/core-util-is": {
            "version": "1.0.2",
            "resolved": "https://registry.npmjs.org/core-util-is/-/core-util-is-1.0.2.tgz",
            "integrity": "sha1-tf1UIgqivFq1eqtxQMlAdUUDwac="
        },
        "node_modules/csv-parse": {
            "version": "5.0.4",
            "resolved": "https://registry.npmjs.org/csv-parse/-/csv-parse-5.0.4.tgz",
            "integrity": "sha512-5AIdl8l6n3iYQYxan5djB5eKDa+vBnhfWZtRpJTcrETWfVLYN0WSj3L9RwvgYt+psoO77juUr8TG8qpfGZifVQ=="
        },
        "node_modules/deepmerge": {
            "version": "4.2.2",
            "resolved": "https://registry.npmjs.org/deepmerge/-/deepmerge-4.2.2.tgz",
            "integrity": "sha512-FJ3UgI4gIl+PHZm53knsuSFpE+nESMr7M4v9QcgB7S63Kj/6WqMiFQJpBBYz1Pt+66bZpP3Q7Lye0Oo9MPKEdg==",
            "dev": true,
            "engines": {
                "node": ">=0.10.0"
            }
        },
        "node_modules/delayed-stream": {
            "version": "1.0.0",
            "resolved": "https://registry.npmjs.org/delayed-stream/-/delayed-stream-1.0.0.tgz",
            "integrity": "sha1-3zrhmayt+31ECqrgsp4icrJOxhk=",
            "dev": true,
            "engines": {
                "node": ">=0.4.0"
            }
        },
        "node_modules/estree-walker": {
            "version": "1.0.1",
            "resolved": "https://registry.npmjs.org/estree-walker/-/estree-walker-1.0.1.tgz",
            "integrity": "sha512-1fMXF3YP4pZZVozF8j/ZLfvnR8NSIljt56UhbZ5PeeDmmGHpgpdwQt7ITlGvYaQukCvuBRMLEiKiYC+oeIg4cg==",
            "dev": true
        },
        "node_modules/form-data": {
            "version": "3.0.0",
            "resolved": "https://registry.npmjs.org/form-data/-/form-data-3.0.0.tgz",
            "integrity": "sha512-CKMFDglpbMi6PyN+brwB9Q/GOw0eAnsrEZDgcsH5Krhz5Od/haKHAX0NmQfha2zPPz0JpWzA7GJHGSnvCRLWsg==",
            "dev": true,
            "dependencies": {
                "asynckit": "^0.4.0",
                "combined-stream": "^1.0.8",
                "mime-types": "^2.1.12"
            },
            "engines": {
                "node": ">= 6"
            }
        },
        "node_modules/fsevents": {
            "version": "2.3.2",
            "resolved": "https://registry.npmjs.org/fsevents/-/fsevents-2.3.2.tgz",
            "integrity": "sha512-xiqMQR4xAeHTuB9uWm+fFRcIOgKBMiOBP+eXiyT7jsgVCq1bkVygt00oASowB7EdtpOHaaPgKt812P9ab+DDKA==",
            "dev": true,
            "hasInstallScript": true,
            "optional": true,
            "os": [
                "darwin"
            ],
            "engines": {
                "node": "^8.16.0 || ^10.6.0 || >=11.0.0"
            }
        },
        "node_modules/function-bind": {
            "version": "1.1.1",
            "resolved": "https://registry.npmjs.org/function-bind/-/function-bind-1.1.1.tgz",
            "integrity": "sha512-yIovAzMX49sF8Yl58fSCWJ5svSLuaibPxXQJFLmBObTuCr0Mf1KiPopGM9NiFjiYBCbfaa2Fh6breQ6ANVTI0A==",
            "dev": true
        },
        "node_modules/has": {
            "version": "1.0.3",
            "resolved": "https://registry.npmjs.org/has/-/has-1.0.3.tgz",
            "integrity": "sha512-f2dvO0VU6Oej7RkWJGrehjbzMAjFp5/VKPp5tTpWIV4JHHZK1/BxbFRtf/siA2SWTe09caDmVtYYzWEIbBS4zw==",
            "dev": true,
            "dependencies": {
                "function-bind": "^1.1.1"
            },
            "engines": {
                "node": ">= 0.4.0"
            }
        },
        "node_modules/husky": {
            "version": "7.0.4",
            "resolved": "https://registry.npmjs.org/husky/-/husky-7.0.4.tgz",
            "integrity": "sha512-vbaCKN2QLtP/vD4yvs6iz6hBEo6wkSzs8HpRah1Z6aGmF2KW5PdYuAd7uX5a+OyBZHBhd+TFLqgjUgytQr4RvQ==",
            "dev": true,
            "bin": {
                "husky": "lib/bin.js"
            },
            "engines": {
                "node": ">=12"
            },
            "funding": {
                "url": "https://github.com/sponsors/typicode"
            }
        },
        "node_modules/inherits": {
            "version": "2.0.3",
            "resolved": "https://registry.npmjs.org/inherits/-/inherits-2.0.3.tgz",
            "integrity": "sha1-Yzwsg+PaQqUC9SRmAiSA9CCCYd4="
        },
        "node_modules/is-core-module": {
            "version": "2.2.0",
            "resolved": "https://registry.npmjs.org/is-core-module/-/is-core-module-2.2.0.tgz",
            "integrity": "sha512-XRAfAdyyY5F5cOXn7hYQDqh2Xmii+DEfIcQGxK/uNwMHhIkPWO0g8msXcbzLe+MpGoR951MlqM/2iIlU4vKDdQ==",
            "dev": true,
            "dependencies": {
                "has": "^1.0.3"
            },
            "funding": {
                "url": "https://github.com/sponsors/ljharb"
            }
        },
        "node_modules/is-module": {
            "version": "1.0.0",
            "resolved": "https://registry.npmjs.org/is-module/-/is-module-1.0.0.tgz",
            "integrity": "sha1-Mlj7afeMFNW4FdZkM2tM/7ZEFZE=",
            "dev": true
        },
        "node_modules/mime-db": {
            "version": "1.44.0",
            "resolved": "https://registry.npmjs.org/mime-db/-/mime-db-1.44.0.tgz",
            "integrity": "sha512-/NOTfLrsPBVeH7YtFPgsVWveuL+4SjjYxaQ1xtM1KMFj7HdxlBlxeyNLzhyJVx7r4rZGJAZ/6lkKCitSc/Nmpg==",
            "dev": true,
            "engines": {
                "node": ">= 0.6"
            }
        },
        "node_modules/mime-types": {
            "version": "2.1.27",
            "resolved": "https://registry.npmjs.org/mime-types/-/mime-types-2.1.27.tgz",
            "integrity": "sha512-JIhqnCasI9yD+SsmkquHBxTSEuZdQX5BuQnS2Vc7puQQQ+8yiP5AY5uWhpdv4YL4VM5c6iliiYWPgJ/nJQLp7w==",
            "dev": true,
            "dependencies": {
                "mime-db": "1.44.0"
            },
            "engines": {
                "node": ">= 0.6"
            }
        },
        "node_modules/minimist": {
            "version": "1.2.6",
            "resolved": "https://registry.npmjs.org/minimist/-/minimist-1.2.6.tgz",
            "integrity": "sha512-Jsjnk4bw3YJqYzbdyBiNsPWHPfO++UGG749Cxs6peCu5Xg4nrena6OVxOYxrQTqww0Jmwt+Ref8rggumkTLz9Q=="
        },
        "node_modules/path-parse": {
            "version": "1.0.6",
            "resolved": "https://registry.npmjs.org/path-parse/-/path-parse-1.0.6.tgz",
            "integrity": "sha512-GSmOT2EbHrINBf9SR7CDELwlJ8AENk3Qn7OikK4nFYAu3Ote2+JYNVvkpAEQm3/TLNEJFD/xZJjzyxg3KBWOzw==",
            "dev": true
        },
        "node_modules/picomatch": {
            "version": "2.2.2",
            "resolved": "https://registry.npmjs.org/picomatch/-/picomatch-2.2.2.tgz",
            "integrity": "sha512-q0M/9eZHzmr0AulXyPwNfZjtwZ/RBZlbN3K3CErVrk50T2ASYI7Bye0EvekFY3IP1Nt2DHu0re+V2ZHIpMkuWg==",
            "dev": true,
            "engines": {
                "node": ">=8.6"
            },
            "funding": {
                "url": "https://github.com/sponsors/jonschlinkert"
            }
        },
        "node_modules/prettier": {
            "version": "2.6.2",
            "resolved": "https://registry.npmjs.org/prettier/-/prettier-2.6.2.tgz",
            "integrity": "sha512-PkUpF+qoXTqhOeWL9fu7As8LXsIUZ1WYaJiY/a7McAQzxjk82OF0tibkFXVCDImZtWxbvojFjerkiLb0/q8mew==",
            "dev": true,
            "bin": {
                "prettier": "bin-prettier.js"
            },
            "engines": {
                "node": ">=10.13.0"
            },
            "funding": {
                "url": "https://github.com/prettier/prettier?sponsor=1"
            }
        },
        "node_modules/promise-stream-utils": {
            "version": "1.1.0",
            "resolved": "https://registry.npmjs.org/promise-stream-utils/-/promise-stream-utils-1.1.0.tgz",
            "integrity": "sha512-airywd9DKT+tBd3MD7F0RpiR8zMA8D1dnMVDycE2CitpPpVqiie8QsKPgHgxsqjGOcG4OcgbyFG5wsoqd+/d7A==",
            "dev": true
        },
        "node_modules/resolve": {
            "version": "1.19.0",
            "resolved": "https://registry.npmjs.org/resolve/-/resolve-1.19.0.tgz",
            "integrity": "sha512-rArEXAgsBG4UgRGcynxWIWKFvh/XZCcS8UJdHhwy91zwAvCZIbcs+vAbflgBnNjYMs/i/i+/Ux6IZhML1yPvxg==",
            "dev": true,
            "dependencies": {
                "is-core-module": "^2.1.0",
                "path-parse": "^1.0.6"
            },
            "funding": {
                "url": "https://github.com/sponsors/ljharb"
            }
        },
        "node_modules/rollup": {
            "version": "2.71.0",
            "resolved": "https://registry.npmjs.org/rollup/-/rollup-2.71.0.tgz",
            "integrity": "sha512-kZWB4FA9N/iZU/O9tVp08pPdxLM0i2iUDvcS77XT92DI81s3wYQcU/cA2FCXWj+HgJj8RUC2M0dXECwoOfDBYA==",
            "dev": true,
            "bin": {
                "rollup": "dist/bin/rollup"
            },
            "engines": {
                "node": ">=10.0.0"
            },
            "optionalDependencies": {
                "fsevents": "~2.3.2"
            }
        },
        "node_modules/stream-batch": {
            "version": "1.0.0",
            "resolved": "https://registry.npmjs.org/stream-batch/-/stream-batch-1.0.0.tgz",
            "integrity": "sha1-Ddt1Or4vTEAVyOjUY1ngxvdaUCg=",
            "dependencies": {
                "through2": "^0.6.3"
            }
        },
        "node_modules/stream-transform": {
            "version": "3.0.4",
            "resolved": "https://registry.npmjs.org/stream-transform/-/stream-transform-3.0.4.tgz",
            "integrity": "sha512-g2jbk1hs3GiF3oHZLbR7Fph/PXh/3xHoz/D8aR2oHySE4xVUvNeTGqihhb1vxFjYyu4inqiTfT42g2MHBjjx0g=="
        },
        "node_modules/through2": {
            "version": "0.6.5",
            "resolved": "http://registry.npmjs.org/through2/-/through2-0.6.5.tgz",
            "integrity": "sha1-QaucZ7KdVyCQcUEOHXp6lozTrUg=",
            "dependencies": {
                "readable-stream": ">=1.0.33-1 <1.1.0-0",
                "xtend": ">=4.0.0 <4.1.0-0"
            }
        },
        "node_modules/through2/node_modules/isarray": {
            "version": "0.0.1",
            "resolved": "https://registry.npmjs.org/isarray/-/isarray-0.0.1.tgz",
            "integrity": "sha1-ihis/Kmo9Bd+Cav8YDiTmwXR7t8="
        },
        "node_modules/through2/node_modules/readable-stream": {
            "version": "1.0.34",
            "resolved": "http://registry.npmjs.org/readable-stream/-/readable-stream-1.0.34.tgz",
            "integrity": "sha1-Elgg40vIQtLyqq+v5MKRbuMsFXw=",
            "dependencies": {
                "core-util-is": "~1.0.0",
                "inherits": "~2.0.1",
                "isarray": "0.0.1",
                "string_decoder": "~0.10.x"
            }
        },
        "node_modules/through2/node_modules/string_decoder": {
            "version": "0.10.31",
            "resolved": "http://registry.npmjs.org/string_decoder/-/string_decoder-0.10.31.tgz",
            "integrity": "sha1-YuIDvEF2bGwoyfyEMB2rHFMQ+pQ="
        },
        "node_modules/typescript": {
            "version": "4.6.4",
            "resolved": "https://registry.npmjs.org/typescript/-/typescript-4.6.4.tgz",
            "integrity": "sha512-9ia/jWHIEbo49HfjrLGfKbZSuWo9iTMwXO+Ca3pRsSpbsMbc7/IU8NKdCZVRRBafVPGnoJeFL76ZOAA84I9fEg==",
            "dev": true,
            "bin": {
                "tsc": "bin/tsc",
                "tsserver": "bin/tsserver"
            },
            "engines": {
                "node": ">=4.2.0"
            }
        },
        "node_modules/xtend": {
            "version": "4.0.1",
            "resolved": "https://registry.npmjs.org/xtend/-/xtend-4.0.1.tgz",
            "integrity": "sha1-pcbVMr5lbiPbgg77lDofBJmNY68=",
            "engines": {
                "node": ">=0.4"
            }
        }
    },
    "dependencies": {
        "@rollup/plugin-node-resolve": {
            "version": "13.2.1",
            "resolved": "https://registry.npmjs.org/@rollup/plugin-node-resolve/-/plugin-node-resolve-13.2.1.tgz",
            "integrity": "sha512-btX7kzGvp1JwShQI9V6IM841YKNPYjKCvUbNrQ2EcVYbULtUd/GH6wZ/qdqH13j9pOHBER+EZXNN2L8RSJhVRA==",
            "dev": true,
            "requires": {
                "@rollup/pluginutils": "^3.1.0",
                "@types/resolve": "1.17.1",
                "builtin-modules": "^3.1.0",
                "deepmerge": "^4.2.2",
                "is-module": "^1.0.0",
                "resolve": "^1.19.0"
            },
            "dependencies": {
                "builtin-modules": {
                    "version": "3.1.0",
                    "resolved": "https://registry.npmjs.org/builtin-modules/-/builtin-modules-3.1.0.tgz",
                    "integrity": "sha512-k0KL0aWZuBt2lrxrcASWDfwOLMnodeQjodT/1SxEQAXsHANgo6ZC/VEaSEHCXt7aSTZ4/4H5LKa+tBXmW7Vtvw==",
                    "dev": true
                }
            }
        },
        "@rollup/pluginutils": {
            "version": "3.1.0",
            "resolved": "https://registry.npmjs.org/@rollup/pluginutils/-/pluginutils-3.1.0.tgz",
            "integrity": "sha512-GksZ6pr6TpIjHm8h9lSQ8pi8BE9VeubNT0OMJ3B5uZJ8pz73NPiqOtCog/x2/QzM1ENChPKxMDhiQuRHsqc+lg==",
            "dev": true,
            "requires": {
                "@types/estree": "0.0.39",
                "estree-walker": "^1.0.1",
                "picomatch": "^2.2.2"
            }
        },
        "@types/debug": {
            "version": "4.1.5",
            "resolved": "https://registry.npmjs.org/@types/debug/-/debug-4.1.5.tgz",
            "integrity": "sha512-Q1y515GcOdTHgagaVFhHnIFQ38ygs/kmxdNpvpou+raI9UO3YZcHDngBSYKQklcKlvA7iuQlmIKbzvmxcOE9CQ==",
            "dev": true
        },
        "@types/estree": {
            "version": "0.0.39",
            "resolved": "https://registry.npmjs.org/@types/estree/-/estree-0.0.39.tgz",
            "integrity": "sha512-EYNwp3bU+98cpU4lAWYYL7Zz+2gryWH1qbdDTidVd6hkiR6weksdbMadyXKXNPEkQFhXM+hVO9ZygomHXp+AIw==",
            "dev": true
        },
        "@types/node": {
            "version": "14.14.11",
            "resolved": "https://registry.npmjs.org/@types/node/-/node-14.14.11.tgz",
            "integrity": "sha512-BJ97wAUuU3NUiUCp44xzUFquQEvnk1wu7q4CMEUYKJWjdkr0YWYDsm4RFtAvxYsNjLsKcrFt6RvK8r+mnzMbEQ==",
            "dev": true
        },
        "@types/node-fetch": {
            "version": "2.5.7",
            "resolved": "https://registry.npmjs.org/@types/node-fetch/-/node-fetch-2.5.7.tgz",
            "integrity": "sha512-o2WVNf5UhWRkxlf6eq+jMZDu7kjgpgJfl4xVNlvryc95O/6F2ld8ztKX+qu+Rjyet93WAWm5LjeX9H5FGkODvw==",
            "dev": true,
            "requires": {
                "@types/node": "*",
                "form-data": "^3.0.0"
            }
        },
        "@types/pouchdb": {
            "version": "6.4.0",
            "resolved": "https://registry.npmjs.org/@types/pouchdb/-/pouchdb-6.4.0.tgz",
            "integrity": "sha512-eGCpX+NXhd5VLJuJMzwe3L79fa9+IDTrAG3CPaf4s/31PD56hOrhDJTSmRELSXuiqXr6+OHzzP0PldSaWsFt7w==",
            "dev": true,
            "requires": {
                "@types/pouchdb-adapter-cordova-sqlite": "*",
                "@types/pouchdb-adapter-fruitdown": "*",
                "@types/pouchdb-adapter-http": "*",
                "@types/pouchdb-adapter-idb": "*",
                "@types/pouchdb-adapter-leveldb": "*",
                "@types/pouchdb-adapter-localstorage": "*",
                "@types/pouchdb-adapter-memory": "*",
                "@types/pouchdb-adapter-node-websql": "*",
                "@types/pouchdb-adapter-websql": "*",
                "@types/pouchdb-browser": "*",
                "@types/pouchdb-core": "*",
                "@types/pouchdb-http": "*",
                "@types/pouchdb-mapreduce": "*",
                "@types/pouchdb-node": "*",
                "@types/pouchdb-replication": "*"
            }
        },
        "@types/pouchdb-adapter-cordova-sqlite": {
            "version": "1.0.0",
            "resolved": "https://registry.npmjs.org/@types/pouchdb-adapter-cordova-sqlite/-/pouchdb-adapter-cordova-sqlite-1.0.0.tgz",
            "integrity": "sha512-NsqpEYKunBS/BPvttlOVQ5Me6LdU6UYZB0Qak3XS/AvLeIRdF61MZ/czSuL/ozydYr6bikewt6dvlpCK1HWG9Q==",
            "dev": true,
            "requires": {
                "@types/pouchdb-core": "*"
            }
        },
        "@types/pouchdb-adapter-fruitdown": {
            "version": "6.1.3",
            "resolved": "https://registry.npmjs.org/@types/pouchdb-adapter-fruitdown/-/pouchdb-adapter-fruitdown-6.1.3.tgz",
            "integrity": "sha512-Wz1Z1JLOW1hgmFQjqnSkmyyfH7by/iWb4abKn684WMvQfmxx6BxKJpJ4+eulkVPQzzgMMSgU1MpnQOm9FgRkbw==",
            "dev": true,
            "requires": {
                "@types/pouchdb-core": "*"
            }
        },
        "@types/pouchdb-adapter-http": {
            "version": "6.1.3",
            "resolved": "https://registry.npmjs.org/@types/pouchdb-adapter-http/-/pouchdb-adapter-http-6.1.3.tgz",
            "integrity": "sha512-9Z4TLbF/KJWy/D2sWRPBA+RNU0odQimfdvlDX+EY7rGcd3aVoH8qjD/X0Xcd/0dfBH5pKrNIMFFQgW/TylRCmA==",
            "dev": true,
            "requires": {
                "@types/pouchdb-core": "*"
            }
        },
        "@types/pouchdb-adapter-idb": {
            "version": "6.1.3",
            "resolved": "https://registry.npmjs.org/@types/pouchdb-adapter-idb/-/pouchdb-adapter-idb-6.1.3.tgz",
            "integrity": "sha512-K4G9pmHkR2JyL8d6cllIEix2dtQFVIJyDcgoT7ctrbIyyhT4kRjieGc3O7tzIhm1bv7W2qz1aResO9lq7qjKVQ==",
            "dev": true,
            "requires": {
                "@types/pouchdb-core": "*"
            }
        },
        "@types/pouchdb-adapter-leveldb": {
            "version": "6.1.3",
            "resolved": "https://registry.npmjs.org/@types/pouchdb-adapter-leveldb/-/pouchdb-adapter-leveldb-6.1.3.tgz",
            "integrity": "sha512-ex8NFqQGFwEpFi7AaZ5YofmuemfZNsL3nTFZBUCAKYMBkazQij1pe2ILLStSvJr0XS0qxgXjCEW19T5Wqiiskg==",
            "dev": true,
            "requires": {
                "@types/pouchdb-core": "*"
            }
        },
        "@types/pouchdb-adapter-localstorage": {
            "version": "6.1.3",
            "resolved": "https://registry.npmjs.org/@types/pouchdb-adapter-localstorage/-/pouchdb-adapter-localstorage-6.1.3.tgz",
            "integrity": "sha512-oor040tye1KKiGLWYtIy7rRT7C2yoyX3Tf6elEJRpjOA7Ja/H8lKc4LaSh9ATbptIcES6MRqZDxtp7ly9hsW3Q==",
            "dev": true,
            "requires": {
                "@types/pouchdb-core": "*"
            }
        },
        "@types/pouchdb-adapter-memory": {
            "version": "6.1.3",
            "resolved": "https://registry.npmjs.org/@types/pouchdb-adapter-memory/-/pouchdb-adapter-memory-6.1.3.tgz",
            "integrity": "sha512-gVbsIMzDzgZYThFVT4eVNsmuZwVm/4jDxP1sjlgc3qtDIxbtBhGgyNfcskwwz9Zu5Lv1avkDsIWvcxQhnvRlHg==",
            "dev": true,
            "requires": {
                "@types/pouchdb-core": "*"
            }
        },
        "@types/pouchdb-adapter-node-websql": {
            "version": "6.1.3",
            "resolved": "https://registry.npmjs.org/@types/pouchdb-adapter-node-websql/-/pouchdb-adapter-node-websql-6.1.3.tgz",
            "integrity": "sha512-F/P+os6Jsa7CgHtH64+Z0HfwIcj0hIRB5z8gNhF7L7dxPWoAfkopK5H2gydrP3sQrlGyN4WInF+UJW/Zu1+FKg==",
            "dev": true,
            "requires": {
                "@types/pouchdb-adapter-websql": "*",
                "@types/pouchdb-core": "*"
            }
        },
        "@types/pouchdb-adapter-websql": {
            "version": "6.1.3",
            "resolved": "https://registry.npmjs.org/@types/pouchdb-adapter-websql/-/pouchdb-adapter-websql-6.1.3.tgz",
            "integrity": "sha512-0AsCWnliwg/3PKj5NAoFuzpnMQKXGBOl+6q8aNxK3N9Tq3SbV91QhgW/mdJsOdqSOw0EBudkGdE6/CZlrgeLpw==",
            "dev": true,
            "requires": {
                "@types/pouchdb-core": "*"
            }
        },
        "@types/pouchdb-browser": {
            "version": "6.1.3",
            "resolved": "https://registry.npmjs.org/@types/pouchdb-browser/-/pouchdb-browser-6.1.3.tgz",
            "integrity": "sha512-EdYowrWxW9SWBMX/rux2eq7dbHi5Zeyzz+FF/IAsgQKnUxgeCO5VO2j4zTzos0SDyJvAQU+EYRc11r7xGn5tvA==",
            "dev": true,
            "requires": {
                "@types/pouchdb-adapter-http": "*",
                "@types/pouchdb-adapter-idb": "*",
                "@types/pouchdb-adapter-websql": "*",
                "@types/pouchdb-core": "*",
                "@types/pouchdb-mapreduce": "*",
                "@types/pouchdb-replication": "*"
            }
        },
        "@types/pouchdb-core": {
            "version": "7.0.6",
            "resolved": "https://registry.npmjs.org/@types/pouchdb-core/-/pouchdb-core-7.0.6.tgz",
            "integrity": "sha512-MCTtOA3buNN+YVkCWFaojWzP6SsESLRp5uXtXcZE8aUm8RNM/hrVun+RVmzP4NTIGBjKQgO9U9X/bTd9k0jsXA==",
            "dev": true,
            "requires": {
                "@types/debug": "*",
                "@types/node-fetch": "*",
                "@types/pouchdb-find": "*"
            }
        },
        "@types/pouchdb-find": {
            "version": "6.3.6",
            "resolved": "https://registry.npmjs.org/@types/pouchdb-find/-/pouchdb-find-6.3.6.tgz",
            "integrity": "sha512-qXgkYfmwUIMCtFcX959ywYyFYJp23Er3btfWNwm1wyYpPK9uuJD8Zh7OmcyFLzWKZG7c8eLHVvGGOp4NysHjDg==",
            "dev": true,
            "requires": {
                "@types/pouchdb-core": "*"
            }
        },
        "@types/pouchdb-http": {
            "version": "6.1.3",
            "resolved": "https://registry.npmjs.org/@types/pouchdb-http/-/pouchdb-http-6.1.3.tgz",
            "integrity": "sha512-0e9E5SqNOyPl/3FnEIbENssB4FlJsNYuOy131nxrZk36S+y1R/6qO7ZVRypWpGTqBWSuVd7gCsq2UDwO/285+w==",
            "dev": true,
            "requires": {
                "@types/pouchdb-adapter-http": "*",
                "@types/pouchdb-core": "*"
            }
        },
        "@types/pouchdb-mapreduce": {
            "version": "6.1.4",
            "resolved": "https://registry.npmjs.org/@types/pouchdb-mapreduce/-/pouchdb-mapreduce-6.1.4.tgz",
            "integrity": "sha512-c8cZ8E9zEl7ZMcrE5jaF2qOm+cxQ01+B0NG9oGHVX3Mj5G8m4oIBAUELJmJw9LvEq3r9nXXn6g9TvvN8NiRalg==",
            "dev": true,
            "requires": {
                "@types/pouchdb-core": "*"
            }
        },
        "@types/pouchdb-node": {
            "version": "6.1.3",
            "resolved": "https://registry.npmjs.org/@types/pouchdb-node/-/pouchdb-node-6.1.3.tgz",
            "integrity": "sha512-rZb3eWGLKJo4LBhUIJLofyoric/5wKYI6HVUld8CfDWeVZgYVUJ/GEw/vXuqXsbgbsaNyk6XeU9461ULBt+0qg==",
            "dev": true,
            "requires": {
                "@types/pouchdb-adapter-http": "*",
                "@types/pouchdb-adapter-leveldb": "*",
                "@types/pouchdb-core": "*",
                "@types/pouchdb-mapreduce": "*",
                "@types/pouchdb-replication": "*"
            }
        },
        "@types/pouchdb-replication": {
            "version": "6.4.2",
            "resolved": "https://registry.npmjs.org/@types/pouchdb-replication/-/pouchdb-replication-6.4.2.tgz",
            "integrity": "sha512-BbuwkCv6nu8RUVjymUvhSw/Oo+VOCWyUpio3ujOoxhVdef/JZ5AUjsotgKWHiG0OtkZ8O5oCbAx5uH1Zf6w9XA==",
            "dev": true,
            "requires": {
                "@types/pouchdb-core": "*",
                "@types/pouchdb-find": "*"
            }
        },
        "@types/resolve": {
            "version": "1.17.1",
            "resolved": "https://registry.npmjs.org/@types/resolve/-/resolve-1.17.1.tgz",
            "integrity": "sha512-yy7HuzQhj0dhGpD8RLXSZWEkLsV9ibvxvi6EiJ3bkqLAO1RGo0WbkWQiwpRlSFymTJRz0d3k5LM3kkx8ArDbLw==",
            "dev": true,
            "requires": {
                "@types/node": "*"
            }
        },
        "asynckit": {
            "version": "0.4.0",
            "resolved": "https://registry.npmjs.org/asynckit/-/asynckit-0.4.0.tgz",
            "integrity": "sha1-x57Zf380y48robyXkLzDZkdLS3k=",
            "dev": true
        },
        "combined-stream": {
            "version": "1.0.8",
            "resolved": "https://registry.npmjs.org/combined-stream/-/combined-stream-1.0.8.tgz",
            "integrity": "sha512-FQN4MRfuJeHf7cBbBMJFXhKSDq+2kAArBlmRBvcvFE5BB1HZKXtSFASDhdlz9zOYwxh8lDdnvmMOe/+5cdoEdg==",
            "dev": true,
            "requires": {
                "delayed-stream": "~1.0.0"
            }
        },
        "core-util-is": {
            "version": "1.0.2",
            "resolved": "https://registry.npmjs.org/core-util-is/-/core-util-is-1.0.2.tgz",
            "integrity": "sha1-tf1UIgqivFq1eqtxQMlAdUUDwac="
        },
        "csv-parse": {
            "version": "5.0.4",
            "resolved": "https://registry.npmjs.org/csv-parse/-/csv-parse-5.0.4.tgz",
            "integrity": "sha512-5AIdl8l6n3iYQYxan5djB5eKDa+vBnhfWZtRpJTcrETWfVLYN0WSj3L9RwvgYt+psoO77juUr8TG8qpfGZifVQ=="
        },
        "deepmerge": {
            "version": "4.2.2",
            "resolved": "https://registry.npmjs.org/deepmerge/-/deepmerge-4.2.2.tgz",
            "integrity": "sha512-FJ3UgI4gIl+PHZm53knsuSFpE+nESMr7M4v9QcgB7S63Kj/6WqMiFQJpBBYz1Pt+66bZpP3Q7Lye0Oo9MPKEdg==",
            "dev": true
        },
        "delayed-stream": {
            "version": "1.0.0",
            "resolved": "https://registry.npmjs.org/delayed-stream/-/delayed-stream-1.0.0.tgz",
            "integrity": "sha1-3zrhmayt+31ECqrgsp4icrJOxhk=",
            "dev": true
        },
        "estree-walker": {
            "version": "1.0.1",
            "resolved": "https://registry.npmjs.org/estree-walker/-/estree-walker-1.0.1.tgz",
            "integrity": "sha512-1fMXF3YP4pZZVozF8j/ZLfvnR8NSIljt56UhbZ5PeeDmmGHpgpdwQt7ITlGvYaQukCvuBRMLEiKiYC+oeIg4cg==",
            "dev": true
        },
        "form-data": {
            "version": "3.0.0",
            "resolved": "https://registry.npmjs.org/form-data/-/form-data-3.0.0.tgz",
            "integrity": "sha512-CKMFDglpbMi6PyN+brwB9Q/GOw0eAnsrEZDgcsH5Krhz5Od/haKHAX0NmQfha2zPPz0JpWzA7GJHGSnvCRLWsg==",
            "dev": true,
            "requires": {
                "asynckit": "^0.4.0",
                "combined-stream": "^1.0.8",
                "mime-types": "^2.1.12"
            }
        },
        "fsevents": {
            "version": "2.3.2",
            "resolved": "https://registry.npmjs.org/fsevents/-/fsevents-2.3.2.tgz",
            "integrity": "sha512-xiqMQR4xAeHTuB9uWm+fFRcIOgKBMiOBP+eXiyT7jsgVCq1bkVygt00oASowB7EdtpOHaaPgKt812P9ab+DDKA==",
            "dev": true,
            "optional": true
        },
        "function-bind": {
            "version": "1.1.1",
            "resolved": "https://registry.npmjs.org/function-bind/-/function-bind-1.1.1.tgz",
            "integrity": "sha512-yIovAzMX49sF8Yl58fSCWJ5svSLuaibPxXQJFLmBObTuCr0Mf1KiPopGM9NiFjiYBCbfaa2Fh6breQ6ANVTI0A==",
            "dev": true
        },
        "has": {
            "version": "1.0.3",
            "resolved": "https://registry.npmjs.org/has/-/has-1.0.3.tgz",
            "integrity": "sha512-f2dvO0VU6Oej7RkWJGrehjbzMAjFp5/VKPp5tTpWIV4JHHZK1/BxbFRtf/siA2SWTe09caDmVtYYzWEIbBS4zw==",
            "dev": true,
            "requires": {
                "function-bind": "^1.1.1"
            }
        },
        "husky": {
            "version": "7.0.4",
            "resolved": "https://registry.npmjs.org/husky/-/husky-7.0.4.tgz",
            "integrity": "sha512-vbaCKN2QLtP/vD4yvs6iz6hBEo6wkSzs8HpRah1Z6aGmF2KW5PdYuAd7uX5a+OyBZHBhd+TFLqgjUgytQr4RvQ==",
            "dev": true
        },
        "inherits": {
            "version": "2.0.3",
            "resolved": "https://registry.npmjs.org/inherits/-/inherits-2.0.3.tgz",
            "integrity": "sha1-Yzwsg+PaQqUC9SRmAiSA9CCCYd4="
        },
        "is-core-module": {
            "version": "2.2.0",
            "resolved": "https://registry.npmjs.org/is-core-module/-/is-core-module-2.2.0.tgz",
            "integrity": "sha512-XRAfAdyyY5F5cOXn7hYQDqh2Xmii+DEfIcQGxK/uNwMHhIkPWO0g8msXcbzLe+MpGoR951MlqM/2iIlU4vKDdQ==",
            "dev": true,
            "requires": {
                "has": "^1.0.3"
            }
        },
        "is-module": {
            "version": "1.0.0",
            "resolved": "https://registry.npmjs.org/is-module/-/is-module-1.0.0.tgz",
            "integrity": "sha1-Mlj7afeMFNW4FdZkM2tM/7ZEFZE=",
            "dev": true
        },
        "mime-db": {
            "version": "1.44.0",
            "resolved": "https://registry.npmjs.org/mime-db/-/mime-db-1.44.0.tgz",
            "integrity": "sha512-/NOTfLrsPBVeH7YtFPgsVWveuL+4SjjYxaQ1xtM1KMFj7HdxlBlxeyNLzhyJVx7r4rZGJAZ/6lkKCitSc/Nmpg==",
            "dev": true
        },
        "mime-types": {
            "version": "2.1.27",
            "resolved": "https://registry.npmjs.org/mime-types/-/mime-types-2.1.27.tgz",
            "integrity": "sha512-JIhqnCasI9yD+SsmkquHBxTSEuZdQX5BuQnS2Vc7puQQQ+8yiP5AY5uWhpdv4YL4VM5c6iliiYWPgJ/nJQLp7w==",
            "dev": true,
            "requires": {
                "mime-db": "1.44.0"
            }
        },
        "minimist": {
            "version": "1.2.6",
            "resolved": "https://registry.npmjs.org/minimist/-/minimist-1.2.6.tgz",
            "integrity": "sha512-Jsjnk4bw3YJqYzbdyBiNsPWHPfO++UGG749Cxs6peCu5Xg4nrena6OVxOYxrQTqww0Jmwt+Ref8rggumkTLz9Q=="
        },
        "path-parse": {
            "version": "1.0.6",
            "resolved": "https://registry.npmjs.org/path-parse/-/path-parse-1.0.6.tgz",
            "integrity": "sha512-GSmOT2EbHrINBf9SR7CDELwlJ8AENk3Qn7OikK4nFYAu3Ote2+JYNVvkpAEQm3/TLNEJFD/xZJjzyxg3KBWOzw==",
            "dev": true
        },
        "picomatch": {
            "version": "2.2.2",
            "resolved": "https://registry.npmjs.org/picomatch/-/picomatch-2.2.2.tgz",
            "integrity": "sha512-q0M/9eZHzmr0AulXyPwNfZjtwZ/RBZlbN3K3CErVrk50T2ASYI7Bye0EvekFY3IP1Nt2DHu0re+V2ZHIpMkuWg==",
            "dev": true
        },
        "prettier": {
            "version": "2.6.2",
            "resolved": "https://registry.npmjs.org/prettier/-/prettier-2.6.2.tgz",
            "integrity": "sha512-PkUpF+qoXTqhOeWL9fu7As8LXsIUZ1WYaJiY/a7McAQzxjk82OF0tibkFXVCDImZtWxbvojFjerkiLb0/q8mew==",
            "dev": true
        },
        "promise-stream-utils": {
            "version": "1.1.0",
            "resolved": "https://registry.npmjs.org/promise-stream-utils/-/promise-stream-utils-1.1.0.tgz",
            "integrity": "sha512-airywd9DKT+tBd3MD7F0RpiR8zMA8D1dnMVDycE2CitpPpVqiie8QsKPgHgxsqjGOcG4OcgbyFG5wsoqd+/d7A==",
            "dev": true
        },
        "resolve": {
            "version": "1.19.0",
            "resolved": "https://registry.npmjs.org/resolve/-/resolve-1.19.0.tgz",
            "integrity": "sha512-rArEXAgsBG4UgRGcynxWIWKFvh/XZCcS8UJdHhwy91zwAvCZIbcs+vAbflgBnNjYMs/i/i+/Ux6IZhML1yPvxg==",
            "dev": true,
            "requires": {
                "is-core-module": "^2.1.0",
                "path-parse": "^1.0.6"
            }
        },
        "rollup": {
            "version": "2.71.0",
            "resolved": "https://registry.npmjs.org/rollup/-/rollup-2.71.0.tgz",
            "integrity": "sha512-kZWB4FA9N/iZU/O9tVp08pPdxLM0i2iUDvcS77XT92DI81s3wYQcU/cA2FCXWj+HgJj8RUC2M0dXECwoOfDBYA==",
            "dev": true,
            "requires": {
                "fsevents": "~2.3.2"
            }
        },
        "stream-batch": {
            "version": "1.0.0",
            "resolved": "https://registry.npmjs.org/stream-batch/-/stream-batch-1.0.0.tgz",
            "integrity": "sha1-Ddt1Or4vTEAVyOjUY1ngxvdaUCg=",
            "requires": {
                "through2": "^0.6.3"
            }
        },
        "stream-transform": {
            "version": "3.0.4",
            "resolved": "https://registry.npmjs.org/stream-transform/-/stream-transform-3.0.4.tgz",
            "integrity": "sha512-g2jbk1hs3GiF3oHZLbR7Fph/PXh/3xHoz/D8aR2oHySE4xVUvNeTGqihhb1vxFjYyu4inqiTfT42g2MHBjjx0g=="
        },
        "through2": {
            "version": "0.6.5",
            "resolved": "http://registry.npmjs.org/through2/-/through2-0.6.5.tgz",
            "integrity": "sha1-QaucZ7KdVyCQcUEOHXp6lozTrUg=",
            "requires": {
                "readable-stream": ">=1.0.33-1 <1.1.0-0",
                "xtend": ">=4.0.0 <4.1.0-0"
            },
            "dependencies": {
                "isarray": {
                    "version": "0.0.1",
                    "resolved": "https://registry.npmjs.org/isarray/-/isarray-0.0.1.tgz",
                    "integrity": "sha1-ihis/Kmo9Bd+Cav8YDiTmwXR7t8="
                },
                "readable-stream": {
                    "version": "1.0.34",
                    "resolved": "http://registry.npmjs.org/readable-stream/-/readable-stream-1.0.34.tgz",
                    "integrity": "sha1-Elgg40vIQtLyqq+v5MKRbuMsFXw=",
                    "requires": {
                        "core-util-is": "~1.0.0",
                        "inherits": "~2.0.1",
                        "isarray": "0.0.1",
                        "string_decoder": "~0.10.x"
                    }
                },
                "string_decoder": {
                    "version": "0.10.31",
                    "resolved": "http://registry.npmjs.org/string_decoder/-/string_decoder-0.10.31.tgz",
                    "integrity": "sha1-YuIDvEF2bGwoyfyEMB2rHFMQ+pQ="
                }
            }
        },
        "typescript": {
            "version": "4.6.4",
            "resolved": "https://registry.npmjs.org/typescript/-/typescript-4.6.4.tgz",
            "integrity": "sha512-9ia/jWHIEbo49HfjrLGfKbZSuWo9iTMwXO+Ca3pRsSpbsMbc7/IU8NKdCZVRRBafVPGnoJeFL76ZOAA84I9fEg==",
            "dev": true
        },
        "xtend": {
            "version": "4.0.1",
            "resolved": "https://registry.npmjs.org/xtend/-/xtend-4.0.1.tgz",
            "integrity": "sha1-pcbVMr5lbiPbgg77lDofBJmNY68="
        }
    }
}
